// !$*UTF8*$!
{
	archiveVersion = 1;
	classes = {
	};
	objectVersion = 56;
	objects = {

/* Begin PBXBuildFile section */
		1950532290672558B022FD94 /* Pods_FriendBNB.framework in Frameworks */ = {isa = PBXBuildFile; fileRef = E19B548CCA72EEB2AD42091C /* Pods_FriendBNB.framework */; };
		5600209F2B634F9C00244058 /* InputField.swift in Sources */ = {isa = PBXBuildFile; fileRef = 5600209E2B634F9C00244058 /* InputField.swift */; };
		560020A22B635E3500244058 /* NotificationView.swift in Sources */ = {isa = PBXBuildFile; fileRef = 560020A12B635E3500244058 /* NotificationView.swift */; };
		560020A42B635F5E00244058 /* NotificationStore.swift in Sources */ = {isa = PBXBuildFile; fileRef = 560020A32B635F5E00244058 /* NotificationStore.swift */; };
		560020A72B636D8800244058 /* ErrorView.swift in Sources */ = {isa = PBXBuildFile; fileRef = 560020A62B636D8800244058 /* ErrorView.swift */; };
		560020AB2B6449AC00244058 /* Array + Extension.swift in Sources */ = {isa = PBXBuildFile; fileRef = 560020AA2B6449AC00244058 /* Array + Extension.swift */; };
		56041BDA2B647657005BD4D8 /* CalendarViewModel.swift in Sources */ = {isa = PBXBuildFile; fileRef = 56041BD92B647656005BD4D8 /* CalendarViewModel.swift */; };
		56041BDC2B6493B5005BD4D8 /* CalendarCellViewModel.swift in Sources */ = {isa = PBXBuildFile; fileRef = 56041BDB2B6493B5005BD4D8 /* CalendarCellViewModel.swift */; };
		56041BE02B64B8AB005BD4D8 /* OwnedBookingConfirmationView.swift in Sources */ = {isa = PBXBuildFile; fileRef = 56041BDF2B64B8AB005BD4D8 /* OwnedBookingConfirmationView.swift */; };
		56041BE22B64BFE5005BD4D8 /* BookingStatusIndicatorView.swift in Sources */ = {isa = PBXBuildFile; fileRef = 56041BE12B64BFE5005BD4D8 /* BookingStatusIndicatorView.swift */; };
		56041BE42B64C390005BD4D8 /* PairButtonWrapper.swift in Sources */ = {isa = PBXBuildFile; fileRef = 56041BE32B64C390005BD4D8 /* PairButtonWrapper.swift */; };
		56041BE82B65B6E7005BD4D8 /* PairButtonSpacer.swift in Sources */ = {isa = PBXBuildFile; fileRef = 56041BE72B65B6E7005BD4D8 /* PairButtonSpacer.swift */; };
		56041BEA2B65C898005BD4D8 /* Font + Modifiers.swift in Sources */ = {isa = PBXBuildFile; fileRef = 56041BE92B65C898005BD4D8 /* Font + Modifiers.swift */; };
		56041BEC2B65D694005BD4D8 /* CurrencyField.swift in Sources */ = {isa = PBXBuildFile; fileRef = 56041BEB2B65D694005BD4D8 /* CurrencyField.swift */; };
		56041BEE2B65ECC2005BD4D8 /* FloatingPromptTextFieldMultiline.swift in Sources */ = {isa = PBXBuildFile; fileRef = 56041BED2B65ECC2005BD4D8 /* FloatingPromptTextFieldMultiline.swift */; };
		56041BF12B65F3B5005BD4D8 /* BasicTextField.swift in Sources */ = {isa = PBXBuildFile; fileRef = 56041BF02B65F3B5005BD4D8 /* BasicTextField.swift */; };
		56041BF32B65F955005BD4D8 /* OptionalInfoField.swift in Sources */ = {isa = PBXBuildFile; fileRef = 56041BF22B65F955005BD4D8 /* OptionalInfoField.swift */; };
		56041BF52B66075D005BD4D8 /* NewPropertyConfirmView.swift in Sources */ = {isa = PBXBuildFile; fileRef = 56041BF42B66075D005BD4D8 /* NewPropertyConfirmView.swift */; };
		56041BFA2B661F1B005BD4D8 /* NoSelectedPropertyView.swift in Sources */ = {isa = PBXBuildFile; fileRef = 56041BF92B661F1B005BD4D8 /* NoSelectedPropertyView.swift */; };
		5627F6C12B9AB2A6008AD7C9 /* BiometricsOnboarding.swift in Sources */ = {isa = PBXBuildFile; fileRef = 5627F6C02B9AB2A6008AD7C9 /* BiometricsOnboarding.swift */; };
		562B723C2B9BAF1F0020EB24 /* DetailParagraph.swift in Sources */ = {isa = PBXBuildFile; fileRef = 562B723B2B9BAF1F0020EB24 /* DetailParagraph.swift */; };
		562B723E2B9BB0AC0020EB24 /* DetailHeading.swift in Sources */ = {isa = PBXBuildFile; fileRef = 562B723D2B9BB0AC0020EB24 /* DetailHeading.swift */; };
		562B72402B9BB1120020EB24 /* DetailTitle.swift in Sources */ = {isa = PBXBuildFile; fileRef = 562B723F2B9BB1120020EB24 /* DetailTitle.swift */; };
		5642FA8F2B93D7BE0029F4F9 /* EventView.swift in Sources */ = {isa = PBXBuildFile; fileRef = 5642FA8E2B93D7BE0029F4F9 /* EventView.swift */; };
		5642FA912B93E5D40029F4F9 /* NotificationCountView.swift in Sources */ = {isa = PBXBuildFile; fileRef = 5642FA902B93E5D40029F4F9 /* NotificationCountView.swift */; };
		5642FA942B94317F0029F4F9 /* OnboardingView.swift in Sources */ = {isa = PBXBuildFile; fileRef = 5642FA932B94317F0029F4F9 /* OnboardingView.swift */; };
		564DE5FE2B85AFC5008E1880 /* DetailSheetTitle.swift in Sources */ = {isa = PBXBuildFile; fileRef = 564DE5FD2B85AFC5008E1880 /* DetailSheetTitle.swift */; };
		564DE6002B85BD1A008E1880 /* BookingConfirmationView.swift in Sources */ = {isa = PBXBuildFile; fileRef = 564DE5FF2B85BD1A008E1880 /* BookingConfirmationView.swift */; };
		565198402AA7DCF200866F0B /* FriendBNBApp.swift in Sources */ = {isa = PBXBuildFile; fileRef = 5651983F2AA7DCF200866F0B /* FriendBNBApp.swift */; };
		565198422AA7DCF200866F0B /* LoginView.swift in Sources */ = {isa = PBXBuildFile; fileRef = 565198412AA7DCF200866F0B /* LoginView.swift */; };
		565198442AA7DCF200866F0B /* Colors.xcassets in Resources */ = {isa = PBXBuildFile; fileRef = 565198432AA7DCF200866F0B /* Colors.xcassets */; };
		565198472AA7DCF200866F0B /* Preview Assets.xcassets in Resources */ = {isa = PBXBuildFile; fileRef = 565198462AA7DCF200866F0B /* Preview Assets.xcassets */; };
		565198512AA7DCF200866F0B /* FriendBNBTests.swift in Sources */ = {isa = PBXBuildFile; fileRef = 565198502AA7DCF200866F0B /* FriendBNBTests.swift */; };
		5651985B2AA7DCF200866F0B /* FriendBNBUITests.swift in Sources */ = {isa = PBXBuildFile; fileRef = 5651985A2AA7DCF200866F0B /* FriendBNBUITests.swift */; };
		5651985D2AA7DCF200866F0B /* FriendBNBUITestsLaunchTests.swift in Sources */ = {isa = PBXBuildFile; fileRef = 5651985C2AA7DCF200866F0B /* FriendBNBUITestsLaunchTests.swift */; };
		565450802B978119005308D0 /* PaymentTileView.swift in Sources */ = {isa = PBXBuildFile; fileRef = 5654507F2B978119005308D0 /* PaymentTileView.swift */; };
		565450832B97822C005308D0 /* NewPropertyDataStructs.swift in Sources */ = {isa = PBXBuildFile; fileRef = 565450822B97822C005308D0 /* NewPropertyDataStructs.swift */; };
		565450852B9785F2005308D0 /* PaymentPickerView.swift in Sources */ = {isa = PBXBuildFile; fileRef = 565450842B9785F2005308D0 /* PaymentPickerView.swift */; };
		565450872B978760005308D0 /* PaymentDetailView.swift in Sources */ = {isa = PBXBuildFile; fileRef = 565450862B978760005308D0 /* PaymentDetailView.swift */; };
		565492A62B82CBBE006BF8B8 /* Podfile in Resources */ = {isa = PBXBuildFile; fileRef = 565492A52B82CBBE006BF8B8 /* Podfile */; };
		565A46572AFF454400D67A03 /* AddPropertyView.swift in Sources */ = {isa = PBXBuildFile; fileRef = 565A46562AFF454400D67A03 /* AddPropertyView.swift */; };
		565A465C2AFF571800D67A03 /* StyledFloatingTextField.swift in Sources */ = {isa = PBXBuildFile; fileRef = 565A465B2AFF571800D67A03 /* StyledFloatingTextField.swift */; };
		565A465E2B00118600D67A03 /* OwnedPropertyEmptyView.swift in Sources */ = {isa = PBXBuildFile; fileRef = 565A465D2B00118600D67A03 /* OwnedPropertyEmptyView.swift */; };
		565A46612B00145400D67A03 /* OwnedDetailView.swift in Sources */ = {isa = PBXBuildFile; fileRef = 565A46602B00145400D67A03 /* OwnedDetailView.swift */; };
		565A46632B00A11700D67A03 /* CalendarView.swift in Sources */ = {isa = PBXBuildFile; fileRef = 565A46622B00A11700D67A03 /* CalendarView.swift */; };
		565A46672B00A69E00D67A03 /* CalendarHelper.swift in Sources */ = {isa = PBXBuildFile; fileRef = 565A46662B00A69E00D67A03 /* CalendarHelper.swift */; };
		565A46692B00AB2600D67A03 /* CalendarCellView.swift in Sources */ = {isa = PBXBuildFile; fileRef = 565A46682B00AB2600D67A03 /* CalendarCellView.swift */; };
		565A466B2B00B88700D67A03 /* Booking.swift in Sources */ = {isa = PBXBuildFile; fileRef = 565A466A2B00B88700D67A03 /* Booking.swift */; };
		565A466D2B00C70600D67A03 /* Date + Extension.swift in Sources */ = {isa = PBXBuildFile; fileRef = 565A466C2B00C70600D67A03 /* Date + Extension.swift */; };
		565A466F2B02D4D100D67A03 /* PropertyStore.swift in Sources */ = {isa = PBXBuildFile; fileRef = 565A466E2B02D4D100D67A03 /* PropertyStore.swift */; };
		565A46762B0355C500D67A03 /* View + Extension.swift in Sources */ = {isa = PBXBuildFile; fileRef = 565A46752B0355C500D67A03 /* View + Extension.swift */; };
		565A467B2B0363C200D67A03 /* FriendNewBookingView.swift in Sources */ = {isa = PBXBuildFile; fileRef = 565A467A2B0363C200D67A03 /* FriendNewBookingView.swift */; };
		565B7E732B847BB9009A5EDD /* CurrencyInputView.swift in Sources */ = {isa = PBXBuildFile; fileRef = 565B7E722B847BB9009A5EDD /* CurrencyInputView.swift */; };
		567B74FE2B0607DB00639540 /* BookingStore.swift in Sources */ = {isa = PBXBuildFile; fileRef = 567B74FD2B0607DB00639540 /* BookingStore.swift */; };
		569409F82B8EEA88009CF998 /* AppDelegate.swift in Sources */ = {isa = PBXBuildFile; fileRef = 569409F72B8EEA88009CF998 /* AppDelegate.swift */; };
		569409FA2B8EEC83009CF998 /* PermissionStore.swift in Sources */ = {isa = PBXBuildFile; fileRef = 569409F92B8EEC83009CF998 /* PermissionStore.swift */; };
		569409FD2B8FF88C009CF998 /* BookingStatus.swift in Sources */ = {isa = PBXBuildFile; fileRef = 569409FC2B8FF88C009CF998 /* BookingStatus.swift */; };
		569409FF2B8FF8AD009CF998 /* PropertyType.swift in Sources */ = {isa = PBXBuildFile; fileRef = 569409FE2B8FF8AD009CF998 /* PropertyType.swift */; };
		56940A012B8FF8C7009CF998 /* PropertyBookingGroup.swift in Sources */ = {isa = PBXBuildFile; fileRef = 56940A002B8FF8C7009CF998 /* PropertyBookingGroup.swift */; };
		56940A032B8FF983009CF998 /* PropertyInfo.swift in Sources */ = {isa = PBXBuildFile; fileRef = 56940A022B8FF983009CF998 /* PropertyInfo.swift */; };
		56940A052B90046C009CF998 /* ScheduleType.swift in Sources */ = {isa = PBXBuildFile; fileRef = 56940A042B90046C009CF998 /* ScheduleType.swift */; };
		56944F9E2B8B0FD300B36175 /* ToggleInfoDetail.swift in Sources */ = {isa = PBXBuildFile; fileRef = 56944F9D2B8B0FD300B36175 /* ToggleInfoDetail.swift */; };
		56944FA02B8D9C7300B36175 /* Coordinate.swift in Sources */ = {isa = PBXBuildFile; fileRef = 56944F9F2B8D9C7300B36175 /* Coordinate.swift */; };
		56B34D402B72E359008F831A /* TabBar.swift in Sources */ = {isa = PBXBuildFile; fileRef = 56B34D3F2B72E359008F831A /* TabBar.swift */; };
		56B34D462B81FACF008F831A /* Assets.xcassets in Resources */ = {isa = PBXBuildFile; fileRef = 56B34D452B81FACF008F831A /* Assets.xcassets */; };
		56B34D482B8214E7008F831A /* LoadingView.swift in Sources */ = {isa = PBXBuildFile; fileRef = 56B34D472B8214E7008F831A /* LoadingView.swift */; };
		56C218502B967F4D00E1AE7C /* Image + Modifiers.swift in Sources */ = {isa = PBXBuildFile; fileRef = 56C2184F2B967F4D00E1AE7C /* Image + Modifiers.swift */; };
		56C347862B976E980026532A /* Shimmering.swift in Sources */ = {isa = PBXBuildFile; fileRef = 56C347852B976E980026532A /* Shimmering.swift */; };
		56D7B0C42AF2F630002B65DD /* .swiftlint.yml in Resources */ = {isa = PBXBuildFile; fileRef = 56D7B0C32AF2F630002B65DD /* .swiftlint.yml */; };
		56D7B0C82AF2FB95002B65DD /* RootView.swift in Sources */ = {isa = PBXBuildFile; fileRef = 56D7B0C72AF2FB95002B65DD /* RootView.swift */; };
		56D7B0CB2AF358BF002B65DD /* OwnedHomeView.swift in Sources */ = {isa = PBXBuildFile; fileRef = 56D7B0CA2AF358BF002B65DD /* OwnedHomeView.swift */; };
		56D7B0CE2AF4BD92002B65DD /* PropertyTileView.swift in Sources */ = {isa = PBXBuildFile; fileRef = 56D7B0CD2AF4BD92002B65DD /* PropertyTileView.swift */; };
		56D7B0D02AF4BE97002B65DD /* Property.swift in Sources */ = {isa = PBXBuildFile; fileRef = 56D7B0CF2AF4BE97002B65DD /* Property.swift */; };
		56D7B0D22AF74E09002B65DD /* Colors + Extension.swift in Sources */ = {isa = PBXBuildFile; fileRef = 56D7B0D12AF74E09002B65DD /* Colors + Extension.swift */; };
		56D7B0D52AF8CCE0002B65DD /* SettingsView.swift in Sources */ = {isa = PBXBuildFile; fileRef = 56D7B0D42AF8CCE0002B65DD /* SettingsView.swift */; };
		56D7B0DB2AF99F25002B65DD /* NewPropertyView.swift in Sources */ = {isa = PBXBuildFile; fileRef = 56D7B0DA2AF99F25002B65DD /* NewPropertyView.swift */; };
		56D7B0DE2AFACF44002B65DD /* NewPropertySearchView.swift in Sources */ = {isa = PBXBuildFile; fileRef = 56D7B0DD2AFACF44002B65DD /* NewPropertySearchView.swift */; };
		56D7B0E02AFC9C03002B65DD /* NewPropertyInfoView.swift in Sources */ = {isa = PBXBuildFile; fileRef = 56D7B0DF2AFC9C03002B65DD /* NewPropertyInfoView.swift */; };
		56D7B0E22AFC9C9B002B65DD /* Location.swift in Sources */ = {isa = PBXBuildFile; fileRef = 56D7B0E12AFC9C9B002B65DD /* Location.swift */; };
		56D7B0E72AFC9DB3002B65DD /* NewPropertySearchViewModel.swift in Sources */ = {isa = PBXBuildFile; fileRef = 56D7B0E62AFC9DB3002B65DD /* NewPropertySearchViewModel.swift */; };
		56D7B0E92AFC9E19002B65DD /* AddressSearchResult.swift in Sources */ = {isa = PBXBuildFile; fileRef = 56D7B0E82AFC9E19002B65DD /* AddressSearchResult.swift */; };
		56D7B0EB2AFDC7AF002B65DD /* NewPropertyAddressView.swift in Sources */ = {isa = PBXBuildFile; fileRef = 56D7B0EA2AFDC7AF002B65DD /* NewPropertyAddressView.swift */; };
		56D7B0ED2AFE1A9A002B65DD /* CustomStepperView.swift in Sources */ = {isa = PBXBuildFile; fileRef = 56D7B0EC2AFE1A9A002B65DD /* CustomStepperView.swift */; };
		56D7B0F02AFE1E5F002B65DD /* Constants.swift in Sources */ = {isa = PBXBuildFile; fileRef = 56D7B0EF2AFE1E5F002B65DD /* Constants.swift */; };
		56D7B0F22AFE2C25002B65DD /* PairButtonsView.swift in Sources */ = {isa = PBXBuildFile; fileRef = 56D7B0F12AFE2C25002B65DD /* PairButtonsView.swift */; };
		56DA6A092B059E0B0007BC40 /* GoogleService-Info.plist in Resources */ = {isa = PBXBuildFile; fileRef = 56DA6A082B059E0B0007BC40 /* GoogleService-Info.plist */; };
		56DA6A0A2B059E0B0007BC40 /* GoogleService-Info.plist in Resources */ = {isa = PBXBuildFile; fileRef = 56DA6A082B059E0B0007BC40 /* GoogleService-Info.plist */; };
		56DA6A0B2B059E0B0007BC40 /* GoogleService-Info.plist in Resources */ = {isa = PBXBuildFile; fileRef = 56DA6A082B059E0B0007BC40 /* GoogleService-Info.plist */; };
		56E24E772AEE30CA005393C7 /* Localizable.strings in Resources */ = {isa = PBXBuildFile; fileRef = 56E24E762AEE30CA005393C7 /* Localizable.strings */; };
		56E24E7C2AF2EFE5005393C7 /* String + Extension.swift in Sources */ = {isa = PBXBuildFile; fileRef = 56E24E7B2AF2EFE5005393C7 /* String + Extension.swift */; };
		56EC54302B09D88200AE12DC /* FloatingPromptTextField.swift in Sources */ = {isa = PBXBuildFile; fileRef = 56EC542F2B09D88200AE12DC /* FloatingPromptTextField.swift */; };
		56EC54322B09D8AE00AE12DC /* FloatingPrompyEnvironmentValues.swift in Sources */ = {isa = PBXBuildFile; fileRef = 56EC54312B09D8AE00AE12DC /* FloatingPrompyEnvironmentValues.swift */; };
		56EC54342B09D8E400AE12DC /* FloatingPromptViewExtensions.swift in Sources */ = {isa = PBXBuildFile; fileRef = 56EC54332B09D8E400AE12DC /* FloatingPromptViewExtensions.swift */; };
		56EC54362B09DDB400AE12DC /* SecureFloatingPromptTextField.swift in Sources */ = {isa = PBXBuildFile; fileRef = 56EC54352B09DDB400AE12DC /* SecureFloatingPromptTextField.swift */; };
		56EC54392B09F08200AE12DC /* AuthenticationStore.swift in Sources */ = {isa = PBXBuildFile; fileRef = 56EC54382B09F08200AE12DC /* AuthenticationStore.swift */; };
		56EC543B2B09F74900AE12DC /* ResetPasswordView.swift in Sources */ = {isa = PBXBuildFile; fileRef = 56EC543A2B09F74900AE12DC /* ResetPasswordView.swift */; };
		56EC543D2B09FFC300AE12DC /* SecureStyledFloatingTextField.swift in Sources */ = {isa = PBXBuildFile; fileRef = 56EC543C2B09FFC300AE12DC /* SecureStyledFloatingTextField.swift */; };
		56EC543F2B0B2CCA00AE12DC /* OwnedExistingBookingView.swift in Sources */ = {isa = PBXBuildFile; fileRef = 56EC543E2B0B2CCA00AE12DC /* OwnedExistingBookingView.swift */; };
		56EC54412B0B378D00AE12DC /* BookingTileView.swift in Sources */ = {isa = PBXBuildFile; fileRef = 56EC54402B0B378D00AE12DC /* BookingTileView.swift */; };
		56EC54442B0BF3D900AE12DC /* FriendsHomeView.swift in Sources */ = {isa = PBXBuildFile; fileRef = 56EC54432B0BF3D900AE12DC /* FriendsHomeView.swift */; };
		56EC544E2B0CAF4200AE12DC /* OwnedAvailabilityView.swift in Sources */ = {isa = PBXBuildFile; fileRef = 56EC544D2B0CAF4200AE12DC /* OwnedAvailabilityView.swift */; };
		56EC54502B0CB3B800AE12DC /* Availability.swift in Sources */ = {isa = PBXBuildFile; fileRef = 56EC544F2B0CB3B800AE12DC /* Availability.swift */; };
		56EC54522B0D593000AE12DC /* AvailabilityTileView.swift in Sources */ = {isa = PBXBuildFile; fileRef = 56EC54512B0D593000AE12DC /* AvailabilityTileView.swift */; };
		56EC54542B11F81B00AE12DC /* FriendHomeEmptyView.swift in Sources */ = {isa = PBXBuildFile; fileRef = 56EC54532B11F81B00AE12DC /* FriendHomeEmptyView.swift */; };
		56EC54562B11F83100AE12DC /* FriendDetailView.swift in Sources */ = {isa = PBXBuildFile; fileRef = 56EC54552B11F83100AE12DC /* FriendDetailView.swift */; };
		56EC54582B11FAB000AE12DC /* FriendExistingBookingView.swift in Sources */ = {isa = PBXBuildFile; fileRef = 56EC54572B11FAB000AE12DC /* FriendExistingBookingView.swift */; };
		56F0FA612B965DF40058FD29 /* UINavigationController + Extension.swift in Sources */ = {isa = PBXBuildFile; fileRef = 56F0FA602B965DF40058FD29 /* UINavigationController + Extension.swift */; };
		56F0FA652B96744E0058FD29 /* SafeAreaInsets + Extension.swift in Sources */ = {isa = PBXBuildFile; fileRef = 56F0FA642B96744E0058FD29 /* SafeAreaInsets + Extension.swift */; };
		56F4BA582B8AE04900FE41E7 /* PropertyDetailList.swift in Sources */ = {isa = PBXBuildFile; fileRef = 56F4BA572B8AE04900FE41E7 /* PropertyDetailList.swift */; };
		56F98B8D2B97BE2F008EF212 /* Background + Modifiers.swift in Sources */ = {isa = PBXBuildFile; fileRef = 56F98B8C2B97BE2F008EF212 /* Background + Modifiers.swift */; };
		56F98B8F2B97C5FC008EF212 /* UIScreen + Extension.swift in Sources */ = {isa = PBXBuildFile; fileRef = 56F98B8E2B97C5FC008EF212 /* UIScreen + Extension.swift */; };
/* End PBXBuildFile section */

/* Begin PBXContainerItemProxy section */
		5651984D2AA7DCF200866F0B /* PBXContainerItemProxy */ = {
			isa = PBXContainerItemProxy;
			containerPortal = 565198342AA7DCF200866F0B /* Project object */;
			proxyType = 1;
			remoteGlobalIDString = 5651983B2AA7DCF200866F0B;
			remoteInfo = FriendBNB;
		};
		565198572AA7DCF200866F0B /* PBXContainerItemProxy */ = {
			isa = PBXContainerItemProxy;
			containerPortal = 565198342AA7DCF200866F0B /* Project object */;
			proxyType = 1;
			remoteGlobalIDString = 5651983B2AA7DCF200866F0B;
			remoteInfo = FriendBNB;
		};
/* End PBXContainerItemProxy section */

/* Begin PBXFileReference section */
		5600209E2B634F9C00244058 /* InputField.swift */ = {isa = PBXFileReference; lastKnownFileType = sourcecode.swift; path = InputField.swift; sourceTree = "<group>"; };
		560020A12B635E3500244058 /* NotificationView.swift */ = {isa = PBXFileReference; lastKnownFileType = sourcecode.swift; path = NotificationView.swift; sourceTree = "<group>"; };
		560020A32B635F5E00244058 /* NotificationStore.swift */ = {isa = PBXFileReference; lastKnownFileType = sourcecode.swift; path = NotificationStore.swift; sourceTree = "<group>"; };
		560020A62B636D8800244058 /* ErrorView.swift */ = {isa = PBXFileReference; lastKnownFileType = sourcecode.swift; path = ErrorView.swift; sourceTree = "<group>"; };
		560020AA2B6449AC00244058 /* Array + Extension.swift */ = {isa = PBXFileReference; lastKnownFileType = sourcecode.swift; path = "Array + Extension.swift"; sourceTree = "<group>"; };
		56041BD92B647656005BD4D8 /* CalendarViewModel.swift */ = {isa = PBXFileReference; lastKnownFileType = sourcecode.swift; path = CalendarViewModel.swift; sourceTree = "<group>"; };
		56041BDB2B6493B5005BD4D8 /* CalendarCellViewModel.swift */ = {isa = PBXFileReference; lastKnownFileType = sourcecode.swift; path = CalendarCellViewModel.swift; sourceTree = "<group>"; };
		56041BDF2B64B8AB005BD4D8 /* OwnedBookingConfirmationView.swift */ = {isa = PBXFileReference; lastKnownFileType = sourcecode.swift; path = OwnedBookingConfirmationView.swift; sourceTree = "<group>"; };
		56041BE12B64BFE5005BD4D8 /* BookingStatusIndicatorView.swift */ = {isa = PBXFileReference; lastKnownFileType = sourcecode.swift; path = BookingStatusIndicatorView.swift; sourceTree = "<group>"; };
		56041BE32B64C390005BD4D8 /* PairButtonWrapper.swift */ = {isa = PBXFileReference; lastKnownFileType = sourcecode.swift; path = PairButtonWrapper.swift; sourceTree = "<group>"; };
		56041BE72B65B6E7005BD4D8 /* PairButtonSpacer.swift */ = {isa = PBXFileReference; lastKnownFileType = sourcecode.swift; path = PairButtonSpacer.swift; sourceTree = "<group>"; };
		56041BE92B65C898005BD4D8 /* Font + Modifiers.swift */ = {isa = PBXFileReference; lastKnownFileType = sourcecode.swift; path = "Font + Modifiers.swift"; sourceTree = "<group>"; };
		56041BEB2B65D694005BD4D8 /* CurrencyField.swift */ = {isa = PBXFileReference; lastKnownFileType = sourcecode.swift; path = CurrencyField.swift; sourceTree = "<group>"; };
		56041BED2B65ECC2005BD4D8 /* FloatingPromptTextFieldMultiline.swift */ = {isa = PBXFileReference; lastKnownFileType = sourcecode.swift; path = FloatingPromptTextFieldMultiline.swift; sourceTree = "<group>"; };
		56041BF02B65F3B5005BD4D8 /* BasicTextField.swift */ = {isa = PBXFileReference; lastKnownFileType = sourcecode.swift; path = BasicTextField.swift; sourceTree = "<group>"; };
		56041BF22B65F955005BD4D8 /* OptionalInfoField.swift */ = {isa = PBXFileReference; lastKnownFileType = sourcecode.swift; path = OptionalInfoField.swift; sourceTree = "<group>"; };
		56041BF42B66075D005BD4D8 /* NewPropertyConfirmView.swift */ = {isa = PBXFileReference; lastKnownFileType = sourcecode.swift; path = NewPropertyConfirmView.swift; sourceTree = "<group>"; };
		56041BF92B661F1B005BD4D8 /* NoSelectedPropertyView.swift */ = {isa = PBXFileReference; lastKnownFileType = sourcecode.swift; path = NoSelectedPropertyView.swift; sourceTree = "<group>"; };
		5627F6C02B9AB2A6008AD7C9 /* BiometricsOnboarding.swift */ = {isa = PBXFileReference; lastKnownFileType = sourcecode.swift; path = BiometricsOnboarding.swift; sourceTree = "<group>"; };
		562B723B2B9BAF1F0020EB24 /* DetailParagraph.swift */ = {isa = PBXFileReference; lastKnownFileType = sourcecode.swift; path = DetailParagraph.swift; sourceTree = "<group>"; };
		562B723D2B9BB0AC0020EB24 /* DetailHeading.swift */ = {isa = PBXFileReference; lastKnownFileType = sourcecode.swift; path = DetailHeading.swift; sourceTree = "<group>"; };
		562B723F2B9BB1120020EB24 /* DetailTitle.swift */ = {isa = PBXFileReference; lastKnownFileType = sourcecode.swift; path = DetailTitle.swift; sourceTree = "<group>"; };
		5642FA8E2B93D7BE0029F4F9 /* EventView.swift */ = {isa = PBXFileReference; lastKnownFileType = sourcecode.swift; path = EventView.swift; sourceTree = "<group>"; };
		5642FA902B93E5D40029F4F9 /* NotificationCountView.swift */ = {isa = PBXFileReference; lastKnownFileType = sourcecode.swift; path = NotificationCountView.swift; sourceTree = "<group>"; };
		5642FA932B94317F0029F4F9 /* OnboardingView.swift */ = {isa = PBXFileReference; lastKnownFileType = sourcecode.swift; path = OnboardingView.swift; sourceTree = "<group>"; };
		564DE5FD2B85AFC5008E1880 /* DetailSheetTitle.swift */ = {isa = PBXFileReference; lastKnownFileType = sourcecode.swift; path = DetailSheetTitle.swift; sourceTree = "<group>"; };
		564DE5FF2B85BD1A008E1880 /* BookingConfirmationView.swift */ = {isa = PBXFileReference; lastKnownFileType = sourcecode.swift; path = BookingConfirmationView.swift; sourceTree = "<group>"; };
		5651983C2AA7DCF200866F0B /* FriendBNB.app */ = {isa = PBXFileReference; explicitFileType = wrapper.application; includeInIndex = 0; path = FriendBNB.app; sourceTree = BUILT_PRODUCTS_DIR; };
		5651983F2AA7DCF200866F0B /* FriendBNBApp.swift */ = {isa = PBXFileReference; lastKnownFileType = sourcecode.swift; path = FriendBNBApp.swift; sourceTree = "<group>"; };
		565198412AA7DCF200866F0B /* LoginView.swift */ = {isa = PBXFileReference; lastKnownFileType = sourcecode.swift; path = LoginView.swift; sourceTree = "<group>"; };
		565198432AA7DCF200866F0B /* Colors.xcassets */ = {isa = PBXFileReference; lastKnownFileType = folder.assetcatalog; path = Colors.xcassets; sourceTree = "<group>"; };
		565198462AA7DCF200866F0B /* Preview Assets.xcassets */ = {isa = PBXFileReference; lastKnownFileType = folder.assetcatalog; path = "Preview Assets.xcassets"; sourceTree = "<group>"; };
		5651984C2AA7DCF200866F0B /* FriendBNBTests.xctest */ = {isa = PBXFileReference; explicitFileType = wrapper.cfbundle; includeInIndex = 0; path = FriendBNBTests.xctest; sourceTree = BUILT_PRODUCTS_DIR; };
		565198502AA7DCF200866F0B /* FriendBNBTests.swift */ = {isa = PBXFileReference; lastKnownFileType = sourcecode.swift; path = FriendBNBTests.swift; sourceTree = "<group>"; };
		565198562AA7DCF200866F0B /* FriendBNBUITests.xctest */ = {isa = PBXFileReference; explicitFileType = wrapper.cfbundle; includeInIndex = 0; path = FriendBNBUITests.xctest; sourceTree = BUILT_PRODUCTS_DIR; };
		5651985A2AA7DCF200866F0B /* FriendBNBUITests.swift */ = {isa = PBXFileReference; lastKnownFileType = sourcecode.swift; path = FriendBNBUITests.swift; sourceTree = "<group>"; };
		5651985C2AA7DCF200866F0B /* FriendBNBUITestsLaunchTests.swift */ = {isa = PBXFileReference; lastKnownFileType = sourcecode.swift; path = FriendBNBUITestsLaunchTests.swift; sourceTree = "<group>"; };
		5654507F2B978119005308D0 /* PaymentTileView.swift */ = {isa = PBXFileReference; lastKnownFileType = sourcecode.swift; path = PaymentTileView.swift; sourceTree = "<group>"; };
		565450822B97822C005308D0 /* NewPropertyDataStructs.swift */ = {isa = PBXFileReference; lastKnownFileType = sourcecode.swift; path = NewPropertyDataStructs.swift; sourceTree = "<group>"; };
		565450842B9785F2005308D0 /* PaymentPickerView.swift */ = {isa = PBXFileReference; lastKnownFileType = sourcecode.swift; path = PaymentPickerView.swift; sourceTree = "<group>"; };
		565450862B978760005308D0 /* PaymentDetailView.swift */ = {isa = PBXFileReference; lastKnownFileType = sourcecode.swift; path = PaymentDetailView.swift; sourceTree = "<group>"; };
		565492A42B82C7A3006BF8B8 /* FriendBNB.entitlements */ = {isa = PBXFileReference; lastKnownFileType = text.plist.entitlements; path = FriendBNB.entitlements; sourceTree = "<group>"; };
		565492A52B82CBBE006BF8B8 /* Podfile */ = {isa = PBXFileReference; fileEncoding = 4; lastKnownFileType = text; path = Podfile; sourceTree = SOURCE_ROOT; xcLanguageSpecificationIdentifier = xcode.lang.ruby; };
		565A46562AFF454400D67A03 /* AddPropertyView.swift */ = {isa = PBXFileReference; lastKnownFileType = sourcecode.swift; path = AddPropertyView.swift; sourceTree = "<group>"; };
		565A465B2AFF571800D67A03 /* StyledFloatingTextField.swift */ = {isa = PBXFileReference; lastKnownFileType = sourcecode.swift; path = StyledFloatingTextField.swift; sourceTree = "<group>"; };
		565A465D2B00118600D67A03 /* OwnedPropertyEmptyView.swift */ = {isa = PBXFileReference; lastKnownFileType = sourcecode.swift; path = OwnedPropertyEmptyView.swift; sourceTree = "<group>"; };
		565A46602B00145400D67A03 /* OwnedDetailView.swift */ = {isa = PBXFileReference; lastKnownFileType = sourcecode.swift; path = OwnedDetailView.swift; sourceTree = "<group>"; };
		565A46622B00A11700D67A03 /* CalendarView.swift */ = {isa = PBXFileReference; lastKnownFileType = sourcecode.swift; path = CalendarView.swift; sourceTree = "<group>"; };
		565A46662B00A69E00D67A03 /* CalendarHelper.swift */ = {isa = PBXFileReference; lastKnownFileType = sourcecode.swift; path = CalendarHelper.swift; sourceTree = "<group>"; };
		565A46682B00AB2600D67A03 /* CalendarCellView.swift */ = {isa = PBXFileReference; lastKnownFileType = sourcecode.swift; path = CalendarCellView.swift; sourceTree = "<group>"; };
		565A466A2B00B88700D67A03 /* Booking.swift */ = {isa = PBXFileReference; lastKnownFileType = sourcecode.swift; path = Booking.swift; sourceTree = "<group>"; };
		565A466C2B00C70600D67A03 /* Date + Extension.swift */ = {isa = PBXFileReference; lastKnownFileType = sourcecode.swift; path = "Date + Extension.swift"; sourceTree = "<group>"; };
		565A466E2B02D4D100D67A03 /* PropertyStore.swift */ = {isa = PBXFileReference; lastKnownFileType = sourcecode.swift; path = PropertyStore.swift; sourceTree = "<group>"; };
		565A46752B0355C500D67A03 /* View + Extension.swift */ = {isa = PBXFileReference; lastKnownFileType = sourcecode.swift; path = "View + Extension.swift"; sourceTree = "<group>"; };
		565A467A2B0363C200D67A03 /* FriendNewBookingView.swift */ = {isa = PBXFileReference; lastKnownFileType = sourcecode.swift; path = FriendNewBookingView.swift; sourceTree = "<group>"; };
		565B7E722B847BB9009A5EDD /* CurrencyInputView.swift */ = {isa = PBXFileReference; lastKnownFileType = sourcecode.swift; path = CurrencyInputView.swift; sourceTree = "<group>"; };
		567B74FD2B0607DB00639540 /* BookingStore.swift */ = {isa = PBXFileReference; lastKnownFileType = sourcecode.swift; path = BookingStore.swift; sourceTree = "<group>"; };
		569409F72B8EEA88009CF998 /* AppDelegate.swift */ = {isa = PBXFileReference; lastKnownFileType = sourcecode.swift; path = AppDelegate.swift; sourceTree = "<group>"; };
		569409F92B8EEC83009CF998 /* PermissionStore.swift */ = {isa = PBXFileReference; lastKnownFileType = sourcecode.swift; path = PermissionStore.swift; sourceTree = "<group>"; };
		569409FC2B8FF88C009CF998 /* BookingStatus.swift */ = {isa = PBXFileReference; lastKnownFileType = sourcecode.swift; path = BookingStatus.swift; sourceTree = "<group>"; };
		569409FE2B8FF8AD009CF998 /* PropertyType.swift */ = {isa = PBXFileReference; lastKnownFileType = sourcecode.swift; path = PropertyType.swift; sourceTree = "<group>"; };
		56940A002B8FF8C7009CF998 /* PropertyBookingGroup.swift */ = {isa = PBXFileReference; lastKnownFileType = sourcecode.swift; path = PropertyBookingGroup.swift; sourceTree = "<group>"; };
		56940A022B8FF983009CF998 /* PropertyInfo.swift */ = {isa = PBXFileReference; lastKnownFileType = sourcecode.swift; path = PropertyInfo.swift; sourceTree = "<group>"; };
		56940A042B90046C009CF998 /* ScheduleType.swift */ = {isa = PBXFileReference; lastKnownFileType = sourcecode.swift; path = ScheduleType.swift; sourceTree = "<group>"; };
		56944F9D2B8B0FD300B36175 /* ToggleInfoDetail.swift */ = {isa = PBXFileReference; lastKnownFileType = sourcecode.swift; path = ToggleInfoDetail.swift; sourceTree = "<group>"; };
		56944F9F2B8D9C7300B36175 /* Coordinate.swift */ = {isa = PBXFileReference; lastKnownFileType = sourcecode.swift; path = Coordinate.swift; sourceTree = "<group>"; };
		569A8FEB2AA82DCD003B3A44 /* Info.plist */ = {isa = PBXFileReference; lastKnownFileType = text.plist; path = Info.plist; sourceTree = "<group>"; };
		56B34D3F2B72E359008F831A /* TabBar.swift */ = {isa = PBXFileReference; lastKnownFileType = sourcecode.swift; path = TabBar.swift; sourceTree = "<group>"; };
		56B34D452B81FACF008F831A /* Assets.xcassets */ = {isa = PBXFileReference; lastKnownFileType = folder.assetcatalog; path = Assets.xcassets; sourceTree = "<group>"; };
		56B34D472B8214E7008F831A /* LoadingView.swift */ = {isa = PBXFileReference; lastKnownFileType = sourcecode.swift; path = LoadingView.swift; sourceTree = "<group>"; };
		56C2184F2B967F4D00E1AE7C /* Image + Modifiers.swift */ = {isa = PBXFileReference; lastKnownFileType = sourcecode.swift; path = "Image + Modifiers.swift"; sourceTree = "<group>"; };
		56C347852B976E980026532A /* Shimmering.swift */ = {isa = PBXFileReference; lastKnownFileType = sourcecode.swift; path = Shimmering.swift; sourceTree = "<group>"; };
		56D7B0C32AF2F630002B65DD /* .swiftlint.yml */ = {isa = PBXFileReference; fileEncoding = 4; lastKnownFileType = text.yaml; path = .swiftlint.yml; sourceTree = SOURCE_ROOT; };
		56D7B0C72AF2FB95002B65DD /* RootView.swift */ = {isa = PBXFileReference; lastKnownFileType = sourcecode.swift; path = RootView.swift; sourceTree = "<group>"; };
		56D7B0CA2AF358BF002B65DD /* OwnedHomeView.swift */ = {isa = PBXFileReference; lastKnownFileType = sourcecode.swift; path = OwnedHomeView.swift; sourceTree = "<group>"; };
		56D7B0CD2AF4BD92002B65DD /* PropertyTileView.swift */ = {isa = PBXFileReference; lastKnownFileType = sourcecode.swift; path = PropertyTileView.swift; sourceTree = "<group>"; };
		56D7B0CF2AF4BE97002B65DD /* Property.swift */ = {isa = PBXFileReference; lastKnownFileType = sourcecode.swift; path = Property.swift; sourceTree = "<group>"; };
		56D7B0D12AF74E09002B65DD /* Colors + Extension.swift */ = {isa = PBXFileReference; lastKnownFileType = sourcecode.swift; path = "Colors + Extension.swift"; sourceTree = "<group>"; };
		56D7B0D42AF8CCE0002B65DD /* SettingsView.swift */ = {isa = PBXFileReference; lastKnownFileType = sourcecode.swift; path = SettingsView.swift; sourceTree = "<group>"; };
		56D7B0DA2AF99F25002B65DD /* NewPropertyView.swift */ = {isa = PBXFileReference; lastKnownFileType = sourcecode.swift; path = NewPropertyView.swift; sourceTree = "<group>"; };
		56D7B0DD2AFACF44002B65DD /* NewPropertySearchView.swift */ = {isa = PBXFileReference; lastKnownFileType = sourcecode.swift; path = NewPropertySearchView.swift; sourceTree = "<group>"; };
		56D7B0DF2AFC9C03002B65DD /* NewPropertyInfoView.swift */ = {isa = PBXFileReference; lastKnownFileType = sourcecode.swift; path = NewPropertyInfoView.swift; sourceTree = "<group>"; };
		56D7B0E12AFC9C9B002B65DD /* Location.swift */ = {isa = PBXFileReference; lastKnownFileType = sourcecode.swift; path = Location.swift; sourceTree = "<group>"; };
		56D7B0E62AFC9DB3002B65DD /* NewPropertySearchViewModel.swift */ = {isa = PBXFileReference; lastKnownFileType = sourcecode.swift; path = NewPropertySearchViewModel.swift; sourceTree = "<group>"; };
		56D7B0E82AFC9E19002B65DD /* AddressSearchResult.swift */ = {isa = PBXFileReference; lastKnownFileType = sourcecode.swift; path = AddressSearchResult.swift; sourceTree = "<group>"; };
		56D7B0EA2AFDC7AF002B65DD /* NewPropertyAddressView.swift */ = {isa = PBXFileReference; lastKnownFileType = sourcecode.swift; path = NewPropertyAddressView.swift; sourceTree = "<group>"; };
		56D7B0EC2AFE1A9A002B65DD /* CustomStepperView.swift */ = {isa = PBXFileReference; lastKnownFileType = sourcecode.swift; path = CustomStepperView.swift; sourceTree = "<group>"; };
		56D7B0EF2AFE1E5F002B65DD /* Constants.swift */ = {isa = PBXFileReference; lastKnownFileType = sourcecode.swift; path = Constants.swift; sourceTree = "<group>"; };
		56D7B0F12AFE2C25002B65DD /* PairButtonsView.swift */ = {isa = PBXFileReference; lastKnownFileType = sourcecode.swift; path = PairButtonsView.swift; sourceTree = "<group>"; };
		56DA6A082B059E0B0007BC40 /* GoogleService-Info.plist */ = {isa = PBXFileReference; fileEncoding = 4; lastKnownFileType = text.plist.xml; path = "GoogleService-Info.plist"; sourceTree = "<group>"; };
		56E24E762AEE30CA005393C7 /* Localizable.strings */ = {isa = PBXFileReference; lastKnownFileType = text.plist.strings; path = Localizable.strings; sourceTree = "<group>"; };
		56E24E7B2AF2EFE5005393C7 /* String + Extension.swift */ = {isa = PBXFileReference; lastKnownFileType = sourcecode.swift; path = "String + Extension.swift"; sourceTree = "<group>"; };
		56EC542F2B09D88200AE12DC /* FloatingPromptTextField.swift */ = {isa = PBXFileReference; lastKnownFileType = sourcecode.swift; path = FloatingPromptTextField.swift; sourceTree = "<group>"; };
		56EC54312B09D8AE00AE12DC /* FloatingPrompyEnvironmentValues.swift */ = {isa = PBXFileReference; lastKnownFileType = sourcecode.swift; path = FloatingPrompyEnvironmentValues.swift; sourceTree = "<group>"; };
		56EC54332B09D8E400AE12DC /* FloatingPromptViewExtensions.swift */ = {isa = PBXFileReference; lastKnownFileType = sourcecode.swift; path = FloatingPromptViewExtensions.swift; sourceTree = "<group>"; };
		56EC54352B09DDB400AE12DC /* SecureFloatingPromptTextField.swift */ = {isa = PBXFileReference; lastKnownFileType = sourcecode.swift; path = SecureFloatingPromptTextField.swift; sourceTree = "<group>"; };
		56EC54382B09F08200AE12DC /* AuthenticationStore.swift */ = {isa = PBXFileReference; lastKnownFileType = sourcecode.swift; path = AuthenticationStore.swift; sourceTree = "<group>"; };
		56EC543A2B09F74900AE12DC /* ResetPasswordView.swift */ = {isa = PBXFileReference; lastKnownFileType = sourcecode.swift; path = ResetPasswordView.swift; sourceTree = "<group>"; };
		56EC543C2B09FFC300AE12DC /* SecureStyledFloatingTextField.swift */ = {isa = PBXFileReference; lastKnownFileType = sourcecode.swift; path = SecureStyledFloatingTextField.swift; sourceTree = "<group>"; };
		56EC543E2B0B2CCA00AE12DC /* OwnedExistingBookingView.swift */ = {isa = PBXFileReference; lastKnownFileType = sourcecode.swift; path = OwnedExistingBookingView.swift; sourceTree = "<group>"; };
		56EC54402B0B378D00AE12DC /* BookingTileView.swift */ = {isa = PBXFileReference; lastKnownFileType = sourcecode.swift; path = BookingTileView.swift; sourceTree = "<group>"; };
		56EC54432B0BF3D900AE12DC /* FriendsHomeView.swift */ = {isa = PBXFileReference; lastKnownFileType = sourcecode.swift; path = FriendsHomeView.swift; sourceTree = "<group>"; };
		56EC544D2B0CAF4200AE12DC /* OwnedAvailabilityView.swift */ = {isa = PBXFileReference; lastKnownFileType = sourcecode.swift; path = OwnedAvailabilityView.swift; sourceTree = "<group>"; };
		56EC544F2B0CB3B800AE12DC /* Availability.swift */ = {isa = PBXFileReference; lastKnownFileType = sourcecode.swift; path = Availability.swift; sourceTree = "<group>"; };
		56EC54512B0D593000AE12DC /* AvailabilityTileView.swift */ = {isa = PBXFileReference; lastKnownFileType = sourcecode.swift; path = AvailabilityTileView.swift; sourceTree = "<group>"; };
		56EC54532B11F81B00AE12DC /* FriendHomeEmptyView.swift */ = {isa = PBXFileReference; fileEncoding = 4; lastKnownFileType = sourcecode.swift; path = FriendHomeEmptyView.swift; sourceTree = "<group>"; };
		56EC54552B11F83100AE12DC /* FriendDetailView.swift */ = {isa = PBXFileReference; fileEncoding = 4; lastKnownFileType = sourcecode.swift; path = FriendDetailView.swift; sourceTree = "<group>"; };
		56EC54572B11FAB000AE12DC /* FriendExistingBookingView.swift */ = {isa = PBXFileReference; fileEncoding = 4; lastKnownFileType = sourcecode.swift; path = FriendExistingBookingView.swift; sourceTree = "<group>"; };
		56F0FA602B965DF40058FD29 /* UINavigationController + Extension.swift */ = {isa = PBXFileReference; lastKnownFileType = sourcecode.swift; path = "UINavigationController + Extension.swift"; sourceTree = "<group>"; };
		56F0FA642B96744E0058FD29 /* SafeAreaInsets + Extension.swift */ = {isa = PBXFileReference; lastKnownFileType = sourcecode.swift; path = "SafeAreaInsets + Extension.swift"; sourceTree = "<group>"; };
		56F4BA572B8AE04900FE41E7 /* PropertyDetailList.swift */ = {isa = PBXFileReference; lastKnownFileType = sourcecode.swift; path = PropertyDetailList.swift; sourceTree = "<group>"; };
		56F98B8C2B97BE2F008EF212 /* Background + Modifiers.swift */ = {isa = PBXFileReference; lastKnownFileType = sourcecode.swift; path = "Background + Modifiers.swift"; sourceTree = "<group>"; };
		56F98B8E2B97C5FC008EF212 /* UIScreen + Extension.swift */ = {isa = PBXFileReference; lastKnownFileType = sourcecode.swift; path = "UIScreen + Extension.swift"; sourceTree = "<group>"; };
		89B92C97B306D5AD425B48AB /* Pods-FriendBNB.release.xcconfig */ = {isa = PBXFileReference; includeInIndex = 1; lastKnownFileType = text.xcconfig; name = "Pods-FriendBNB.release.xcconfig"; path = "Target Support Files/Pods-FriendBNB/Pods-FriendBNB.release.xcconfig"; sourceTree = "<group>"; };
		A88517334A19E262D7241542 /* Pods-FriendBNB.debug.xcconfig */ = {isa = PBXFileReference; includeInIndex = 1; lastKnownFileType = text.xcconfig; name = "Pods-FriendBNB.debug.xcconfig"; path = "Target Support Files/Pods-FriendBNB/Pods-FriendBNB.debug.xcconfig"; sourceTree = "<group>"; };
		E19B548CCA72EEB2AD42091C /* Pods_FriendBNB.framework */ = {isa = PBXFileReference; explicitFileType = wrapper.framework; includeInIndex = 0; path = Pods_FriendBNB.framework; sourceTree = BUILT_PRODUCTS_DIR; };
/* End PBXFileReference section */

/* Begin PBXFrameworksBuildPhase section */
		565198392AA7DCF200866F0B /* Frameworks */ = {
			isa = PBXFrameworksBuildPhase;
			buildActionMask = 2147483647;
			files = (
				1950532290672558B022FD94 /* Pods_FriendBNB.framework in Frameworks */,
			);
			runOnlyForDeploymentPostprocessing = 0;
		};
		565198492AA7DCF200866F0B /* Frameworks */ = {
			isa = PBXFrameworksBuildPhase;
			buildActionMask = 2147483647;
			files = (
			);
			runOnlyForDeploymentPostprocessing = 0;
		};
		565198532AA7DCF200866F0B /* Frameworks */ = {
			isa = PBXFrameworksBuildPhase;
			buildActionMask = 2147483647;
			files = (
			);
			runOnlyForDeploymentPostprocessing = 0;
		};
/* End PBXFrameworksBuildPhase section */

/* Begin PBXGroup section */
		19F9CF8370B9BF8086BD8348 /* Pods */ = {
			isa = PBXGroup;
			children = (
				A88517334A19E262D7241542 /* Pods-FriendBNB.debug.xcconfig */,
				89B92C97B306D5AD425B48AB /* Pods-FriendBNB.release.xcconfig */,
			);
			path = Pods;
			sourceTree = "<group>";
		};
		5600209A2B634B7B00244058 /* Stores */ = {
			isa = PBXGroup;
			children = (
				565A466E2B02D4D100D67A03 /* PropertyStore.swift */,
				56EC54382B09F08200AE12DC /* AuthenticationStore.swift */,
				560020A32B635F5E00244058 /* NotificationStore.swift */,
				567B74FD2B0607DB00639540 /* BookingStore.swift */,
				569409F92B8EEC83009CF998 /* PermissionStore.swift */,
			);
			path = Stores;
			sourceTree = "<group>";
		};
		5600209B2B634E9500244058 /* Models */ = {
			isa = PBXGroup;
			children = (
				565A466A2B00B88700D67A03 /* Booking.swift */,
				56EC544F2B0CB3B800AE12DC /* Availability.swift */,
				56D7B0CF2AF4BE97002B65DD /* Property.swift */,
				56D7B0E12AFC9C9B002B65DD /* Location.swift */,
				5600209E2B634F9C00244058 /* InputField.swift */,
				56940A002B8FF8C7009CF998 /* PropertyBookingGroup.swift */,
				56940A022B8FF983009CF998 /* PropertyInfo.swift */,
			);
			path = Models;
			sourceTree = "<group>";
		};
		560020A02B635E1D00244058 /* Notifications */ = {
			isa = PBXGroup;
			children = (
				560020A12B635E3500244058 /* NotificationView.swift */,
				5642FA902B93E5D40029F4F9 /* NotificationCountView.swift */,
			);
			path = Notifications;
			sourceTree = "<group>";
		};
		560020A52B636D7600244058 /* Components */ = {
			isa = PBXGroup;
			children = (
				562B723A2B9BAC030020EB24 /* Buttons */,
				562B72392B9BABD30020EB24 /* Fields */,
				565A46792B0363A100D67A03 /* Booking */,
				564DE5FA2B85AF97008E1880 /* Detail */,
				560020A92B640C3A00244058 /* Home */,
				56B34D472B8214E7008F831A /* LoadingView.swift */,
				560020A62B636D8800244058 /* ErrorView.swift */,
			);
			path = Components;
			sourceTree = "<group>";
		};
		560020A92B640C3A00244058 /* Home */ = {
			isa = PBXGroup;
			children = (
				56D7B0CD2AF4BD92002B65DD /* PropertyTileView.swift */,
				56B34D3F2B72E359008F831A /* TabBar.swift */,
			);
			path = Home;
			sourceTree = "<group>";
		};
		56041BEF2B65ED4F005BD4D8 /* Modifiers */ = {
			isa = PBXGroup;
			children = (
				56041BE92B65C898005BD4D8 /* Font + Modifiers.swift */,
				56C2184F2B967F4D00E1AE7C /* Image + Modifiers.swift */,
				56F98B8C2B97BE2F008EF212 /* Background + Modifiers.swift */,
			);
			path = Modifiers;
			sourceTree = "<group>";
		};
		56041BF82B661EFC005BD4D8 /* Error */ = {
			isa = PBXGroup;
			children = (
				56041BF92B661F1B005BD4D8 /* NoSelectedPropertyView.swift */,
			);
			path = Error;
			sourceTree = "<group>";
		};
		562B72392B9BABD30020EB24 /* Fields */ = {
			isa = PBXGroup;
			children = (
				56944F9D2B8B0FD300B36175 /* ToggleInfoDetail.swift */,
				56041BF22B65F955005BD4D8 /* OptionalInfoField.swift */,
				56041BF02B65F3B5005BD4D8 /* BasicTextField.swift */,
				56041BEB2B65D694005BD4D8 /* CurrencyField.swift */,
				56EC543C2B09FFC300AE12DC /* SecureStyledFloatingTextField.swift */,
				565A465B2AFF571800D67A03 /* StyledFloatingTextField.swift */,
				56D7B0EC2AFE1A9A002B65DD /* CustomStepperView.swift */,
			);
			path = Fields;
			sourceTree = "<group>";
		};
		562B723A2B9BAC030020EB24 /* Buttons */ = {
			isa = PBXGroup;
			children = (
				56D7B0F12AFE2C25002B65DD /* PairButtonsView.swift */,
				56041BE32B64C390005BD4D8 /* PairButtonWrapper.swift */,
				56041BE72B65B6E7005BD4D8 /* PairButtonSpacer.swift */,
			);
			path = Buttons;
			sourceTree = "<group>";
		};
		5642FA8D2B93D7A30029F4F9 /* Event */ = {
			isa = PBXGroup;
			children = (
				5642FA8E2B93D7BE0029F4F9 /* EventView.swift */,
			);
			path = Event;
			sourceTree = "<group>";
		};
		5642FA922B94316C0029F4F9 /* Onboarding */ = {
			isa = PBXGroup;
			children = (
				5642FA932B94317F0029F4F9 /* OnboardingView.swift */,
				5627F6C02B9AB2A6008AD7C9 /* BiometricsOnboarding.swift */,
			);
			path = Onboarding;
			sourceTree = "<group>";
		};
		564DE5FA2B85AF97008E1880 /* Detail */ = {
			isa = PBXGroup;
			children = (
				564DE5FD2B85AFC5008E1880 /* DetailSheetTitle.swift */,
				56F4BA572B8AE04900FE41E7 /* PropertyDetailList.swift */,
				562B723B2B9BAF1F0020EB24 /* DetailParagraph.swift */,
				562B723D2B9BB0AC0020EB24 /* DetailHeading.swift */,
				562B723F2B9BB1120020EB24 /* DetailTitle.swift */,
			);
			path = Detail;
			sourceTree = "<group>";
		};
		565198332AA7DCF200866F0B = {
			isa = PBXGroup;
			children = (
				5651983E2AA7DCF200866F0B /* FriendBNB */,
				5651984F2AA7DCF200866F0B /* FriendBNBTests */,
				565198592AA7DCF200866F0B /* FriendBNBUITests */,
				5651983D2AA7DCF200866F0B /* Products */,
				19F9CF8370B9BF8086BD8348 /* Pods */,
				8ECBAA43417074F06F03BB69 /* Frameworks */,
			);
			sourceTree = "<group>";
		};
		5651983D2AA7DCF200866F0B /* Products */ = {
			isa = PBXGroup;
			children = (
				5651983C2AA7DCF200866F0B /* FriendBNB.app */,
				5651984C2AA7DCF200866F0B /* FriendBNBTests.xctest */,
				565198562AA7DCF200866F0B /* FriendBNBUITests.xctest */,
			);
			name = Products;
			sourceTree = "<group>";
		};
		5651983E2AA7DCF200866F0B /* FriendBNB */ = {
			isa = PBXGroup;
			children = (
				565492A52B82CBBE006BF8B8 /* Podfile */,
				565492A42B82C7A3006BF8B8 /* FriendBNB.entitlements */,
				56DA6A082B059E0B0007BC40 /* GoogleService-Info.plist */,
				56D7B0C32AF2F630002B65DD /* .swiftlint.yml */,
				56EC54372B09E0FA00AE12DC /* Packages */,
				56041BEF2B65ED4F005BD4D8 /* Modifiers */,
				569409FB2B8FF87A009CF998 /* Enums */,
				56E24E7A2AF2EFD3005393C7 /* Extensions */,
				5600209B2B634E9500244058 /* Models */,
				5600209A2B634B7B00244058 /* Stores */,
				56E24E792AF2EF92005393C7 /* Utility */,
				56E24E722AEE2E6E005393C7 /* Features */,
				560020A52B636D7600244058 /* Components */,
				569A8FEB2AA82DCD003B3A44 /* Info.plist */,
				56B34D452B81FACF008F831A /* Assets.xcassets */,
				565198432AA7DCF200866F0B /* Colors.xcassets */,
				565198452AA7DCF200866F0B /* Preview Content */,
				56E24E762AEE30CA005393C7 /* Localizable.strings */,
				56D7B0C72AF2FB95002B65DD /* RootView.swift */,
				5651983F2AA7DCF200866F0B /* FriendBNBApp.swift */,
				569409F72B8EEA88009CF998 /* AppDelegate.swift */,
			);
			path = FriendBNB;
			sourceTree = "<group>";
		};
		565198452AA7DCF200866F0B /* Preview Content */ = {
			isa = PBXGroup;
			children = (
				565198462AA7DCF200866F0B /* Preview Assets.xcassets */,
			);
			path = "Preview Content";
			sourceTree = "<group>";
		};
		5651984F2AA7DCF200866F0B /* FriendBNBTests */ = {
			isa = PBXGroup;
			children = (
				565198502AA7DCF200866F0B /* FriendBNBTests.swift */,
			);
			path = FriendBNBTests;
			sourceTree = "<group>";
		};
		565198592AA7DCF200866F0B /* FriendBNBUITests */ = {
			isa = PBXGroup;
			children = (
				5651985A2AA7DCF200866F0B /* FriendBNBUITests.swift */,
				5651985C2AA7DCF200866F0B /* FriendBNBUITestsLaunchTests.swift */,
			);
			path = FriendBNBUITests;
			sourceTree = "<group>";
		};
		565450812B978128005308D0 /* Payment */ = {
			isa = PBXGroup;
			children = (
				5654507F2B978119005308D0 /* PaymentTileView.swift */,
				565450842B9785F2005308D0 /* PaymentPickerView.swift */,
				565450862B978760005308D0 /* PaymentDetailView.swift */,
			);
			path = Payment;
			sourceTree = "<group>";
		};
		565A46552AFF453500D67A03 /* Add Property */ = {
			isa = PBXGroup;
			children = (
				565A46562AFF454400D67A03 /* AddPropertyView.swift */,
			);
			path = "Add Property";
			sourceTree = "<group>";
		};
		565A465F2B00140E00D67A03 /* Detail */ = {
			isa = PBXGroup;
			children = (
				565A46602B00145400D67A03 /* OwnedDetailView.swift */,
			);
			path = Detail;
			sourceTree = "<group>";
		};
		565A46792B0363A100D67A03 /* Booking */ = {
			isa = PBXGroup;
			children = (
				56041BE12B64BFE5005BD4D8 /* BookingStatusIndicatorView.swift */,
				56EC54402B0B378D00AE12DC /* BookingTileView.swift */,
			);
			path = Booking;
			sourceTree = "<group>";
		};
		569409FB2B8FF87A009CF998 /* Enums */ = {
			isa = PBXGroup;
			children = (
				569409FC2B8FF88C009CF998 /* BookingStatus.swift */,
				569409FE2B8FF8AD009CF998 /* PropertyType.swift */,
				56940A042B90046C009CF998 /* ScheduleType.swift */,
			);
			path = Enums;
			sourceTree = "<group>";
		};
		56D7B0C92AF358B5002B65DD /* Owned Properties */ = {
			isa = PBXGroup;
			children = (
				56EC54482B0CACBF00AE12DC /* Home */,
				565A465F2B00140E00D67A03 /* Detail */,
				56EC54492B0CAD5600AE12DC /* Detail Sheets */,
			);
			path = "Owned Properties";
			sourceTree = "<group>";
		};
		56D7B0D32AF8CCCD002B65DD /* Settings */ = {
			isa = PBXGroup;
			children = (
				56D7B0D42AF8CCE0002B65DD /* SettingsView.swift */,
			);
			path = Settings;
			sourceTree = "<group>";
		};
		56D7B0DC2AF9B012002B65DD /* New Property */ = {
			isa = PBXGroup;
			children = (
				565450812B978128005308D0 /* Payment */,
				56EC54472B0CA64300AE12DC /* Views */,
				56D7B0E32AFC9CA1002B65DD /* Models */,
				56D7B0E62AFC9DB3002B65DD /* NewPropertySearchViewModel.swift */,
				565450822B97822C005308D0 /* NewPropertyDataStructs.swift */,
			);
			path = "New Property";
			sourceTree = "<group>";
		};
		56D7B0E32AFC9CA1002B65DD /* Models */ = {
			isa = PBXGroup;
			children = (
				56D7B0E82AFC9E19002B65DD /* AddressSearchResult.swift */,
			);
			path = Models;
			sourceTree = "<group>";
		};
		56E24E722AEE2E6E005393C7 /* Features */ = {
			isa = PBXGroup;
			children = (
				565A46552AFF453500D67A03 /* Add Property */,
				56D7B0DC2AF9B012002B65DD /* New Property */,
				56D7B0C92AF358B5002B65DD /* Owned Properties */,
				56EC54422B0BF29B00AE12DC /* Friends Properties */,
				5642FA922B94316C0029F4F9 /* Onboarding */,
				5642FA8D2B93D7A30029F4F9 /* Event */,
				56041BF82B661EFC005BD4D8 /* Error */,
				56EC544C2B0CAF0900AE12DC /* Calendar */,
				56E24E732AEE2E77005393C7 /* Login */,
				56D7B0D32AF8CCCD002B65DD /* Settings */,
				560020A02B635E1D00244058 /* Notifications */,
			);
			path = Features;
			sourceTree = "<group>";
		};
		56E24E732AEE2E77005393C7 /* Login */ = {
			isa = PBXGroup;
			children = (
				565198412AA7DCF200866F0B /* LoginView.swift */,
				56EC543A2B09F74900AE12DC /* ResetPasswordView.swift */,
			);
			path = Login;
			sourceTree = "<group>";
		};
		56E24E792AF2EF92005393C7 /* Utility */ = {
			isa = PBXGroup;
			children = (
				56D7B0EF2AFE1E5F002B65DD /* Constants.swift */,
				565A46662B00A69E00D67A03 /* CalendarHelper.swift */,
				56944F9F2B8D9C7300B36175 /* Coordinate.swift */,
			);
			path = Utility;
			sourceTree = "<group>";
		};
		56E24E7A2AF2EFD3005393C7 /* Extensions */ = {
			isa = PBXGroup;
			children = (
				56D7B0D12AF74E09002B65DD /* Colors + Extension.swift */,
				56E24E7B2AF2EFE5005393C7 /* String + Extension.swift */,
				565A466C2B00C70600D67A03 /* Date + Extension.swift */,
				565A46752B0355C500D67A03 /* View + Extension.swift */,
				560020AA2B6449AC00244058 /* Array + Extension.swift */,
				56F0FA602B965DF40058FD29 /* UINavigationController + Extension.swift */,
				56F0FA642B96744E0058FD29 /* SafeAreaInsets + Extension.swift */,
				56F98B8E2B97C5FC008EF212 /* UIScreen + Extension.swift */,
			);
			path = Extensions;
			sourceTree = "<group>";
		};
		56EC542E2B09D85600AE12DC /* Floating Prompt */ = {
			isa = PBXGroup;
			children = (
				56EC542F2B09D88200AE12DC /* FloatingPromptTextField.swift */,
				56EC54312B09D8AE00AE12DC /* FloatingPrompyEnvironmentValues.swift */,
				56EC54332B09D8E400AE12DC /* FloatingPromptViewExtensions.swift */,
				56EC54352B09DDB400AE12DC /* SecureFloatingPromptTextField.swift */,
				56041BED2B65ECC2005BD4D8 /* FloatingPromptTextFieldMultiline.swift */,
			);
			path = "Floating Prompt";
			sourceTree = "<group>";
		};
		56EC54372B09E0FA00AE12DC /* Packages */ = {
			isa = PBXGroup;
			children = (
				56EC542E2B09D85600AE12DC /* Floating Prompt */,
				565B7E722B847BB9009A5EDD /* CurrencyInputView.swift */,
				56C347852B976E980026532A /* Shimmering.swift */,
			);
			path = Packages;
			sourceTree = "<group>";
		};
		56EC54422B0BF29B00AE12DC /* Friends Properties */ = {
			isa = PBXGroup;
			children = (
				56EC545B2B11FAED00AE12DC /* Home */,
				56EC545C2B11FB0100AE12DC /* Detail */,
				56EC54592B11FACF00AE12DC /* Detail Sheets */,
			);
			path = "Friends Properties";
			sourceTree = "<group>";
		};
		56EC54472B0CA64300AE12DC /* Views */ = {
			isa = PBXGroup;
			children = (
				56D7B0DA2AF99F25002B65DD /* NewPropertyView.swift */,
				56D7B0DD2AFACF44002B65DD /* NewPropertySearchView.swift */,
				56D7B0EA2AFDC7AF002B65DD /* NewPropertyAddressView.swift */,
				56D7B0DF2AFC9C03002B65DD /* NewPropertyInfoView.swift */,
				56041BF42B66075D005BD4D8 /* NewPropertyConfirmView.swift */,
			);
			path = Views;
			sourceTree = "<group>";
		};
		56EC54482B0CACBF00AE12DC /* Home */ = {
			isa = PBXGroup;
			children = (
				56D7B0CA2AF358BF002B65DD /* OwnedHomeView.swift */,
				565A465D2B00118600D67A03 /* OwnedPropertyEmptyView.swift */,
			);
			path = Home;
			sourceTree = "<group>";
		};
		56EC54492B0CAD5600AE12DC /* Detail Sheets */ = {
			isa = PBXGroup;
			children = (
				56041BDF2B64B8AB005BD4D8 /* OwnedBookingConfirmationView.swift */,
				56EC543E2B0B2CCA00AE12DC /* OwnedExistingBookingView.swift */,
				56EC544D2B0CAF4200AE12DC /* OwnedAvailabilityView.swift */,
				56EC54512B0D593000AE12DC /* AvailabilityTileView.swift */,
			);
			path = "Detail Sheets";
			sourceTree = "<group>";
		};
		56EC544C2B0CAF0900AE12DC /* Calendar */ = {
			isa = PBXGroup;
			children = (
				565A46622B00A11700D67A03 /* CalendarView.swift */,
				56041BD92B647656005BD4D8 /* CalendarViewModel.swift */,
				565A46682B00AB2600D67A03 /* CalendarCellView.swift */,
				56041BDB2B6493B5005BD4D8 /* CalendarCellViewModel.swift */,
			);
			path = Calendar;
			sourceTree = "<group>";
		};
		56EC54592B11FACF00AE12DC /* Detail Sheets */ = {
			isa = PBXGroup;
			children = (
				564DE5FF2B85BD1A008E1880 /* BookingConfirmationView.swift */,
				565A467A2B0363C200D67A03 /* FriendNewBookingView.swift */,
				56EC54572B11FAB000AE12DC /* FriendExistingBookingView.swift */,
			);
			path = "Detail Sheets";
			sourceTree = "<group>";
		};
		56EC545B2B11FAED00AE12DC /* Home */ = {
			isa = PBXGroup;
			children = (
				56EC54432B0BF3D900AE12DC /* FriendsHomeView.swift */,
				56EC54532B11F81B00AE12DC /* FriendHomeEmptyView.swift */,
			);
			path = Home;
			sourceTree = "<group>";
		};
		56EC545C2B11FB0100AE12DC /* Detail */ = {
			isa = PBXGroup;
			children = (
				56EC54552B11F83100AE12DC /* FriendDetailView.swift */,
			);
			path = Detail;
			sourceTree = "<group>";
		};
		8ECBAA43417074F06F03BB69 /* Frameworks */ = {
			isa = PBXGroup;
			children = (
				E19B548CCA72EEB2AD42091C /* Pods_FriendBNB.framework */,
			);
			name = Frameworks;
			sourceTree = "<group>";
		};
/* End PBXGroup section */

/* Begin PBXNativeTarget section */
		5651983B2AA7DCF200866F0B /* FriendBNB */ = {
			isa = PBXNativeTarget;
			buildConfigurationList = 565198602AA7DCF200866F0B /* Build configuration list for PBXNativeTarget "FriendBNB" */;
			buildPhases = (
				08BA08A9FEAE7BF8E563399D /* [CP] Check Pods Manifest.lock */,
				565198382AA7DCF200866F0B /* Sources */,
				565198392AA7DCF200866F0B /* Frameworks */,
				5651983A2AA7DCF200866F0B /* Resources */,
				19F3D67DDDB123131DE5F0F5 /* [CP] Embed Pods Frameworks */,
				56E24E782AEE3620005393C7 /* SwiftLint */,
			);
			buildRules = (
			);
			dependencies = (
			);
			name = FriendBNB;
			productName = FriendBNB;
			productReference = 5651983C2AA7DCF200866F0B /* FriendBNB.app */;
			productType = "com.apple.product-type.application";
		};
		5651984B2AA7DCF200866F0B /* FriendBNBTests */ = {
			isa = PBXNativeTarget;
			buildConfigurationList = 565198632AA7DCF200866F0B /* Build configuration list for PBXNativeTarget "FriendBNBTests" */;
			buildPhases = (
				565198482AA7DCF200866F0B /* Sources */,
				565198492AA7DCF200866F0B /* Frameworks */,
				5651984A2AA7DCF200866F0B /* Resources */,
			);
			buildRules = (
			);
			dependencies = (
				5651984E2AA7DCF200866F0B /* PBXTargetDependency */,
			);
			name = FriendBNBTests;
			productName = FriendBNBTests;
			productReference = 5651984C2AA7DCF200866F0B /* FriendBNBTests.xctest */;
			productType = "com.apple.product-type.bundle.unit-test";
		};
		565198552AA7DCF200866F0B /* FriendBNBUITests */ = {
			isa = PBXNativeTarget;
			buildConfigurationList = 565198662AA7DCF200866F0B /* Build configuration list for PBXNativeTarget "FriendBNBUITests" */;
			buildPhases = (
				565198522AA7DCF200866F0B /* Sources */,
				565198532AA7DCF200866F0B /* Frameworks */,
				565198542AA7DCF200866F0B /* Resources */,
			);
			buildRules = (
			);
			dependencies = (
				565198582AA7DCF200866F0B /* PBXTargetDependency */,
			);
			name = FriendBNBUITests;
			productName = FriendBNBUITests;
			productReference = 565198562AA7DCF200866F0B /* FriendBNBUITests.xctest */;
			productType = "com.apple.product-type.bundle.ui-testing";
		};
/* End PBXNativeTarget section */

/* Begin PBXProject section */
		565198342AA7DCF200866F0B /* Project object */ = {
			isa = PBXProject;
			attributes = {
				BuildIndependentTargetsInParallel = 1;
				LastSwiftUpdateCheck = 1420;
				LastUpgradeCheck = 1420;
				TargetAttributes = {
					5651983B2AA7DCF200866F0B = {
						CreatedOnToolsVersion = 14.2;
					};
					5651984B2AA7DCF200866F0B = {
						CreatedOnToolsVersion = 14.2;
						TestTargetID = 5651983B2AA7DCF200866F0B;
					};
					565198552AA7DCF200866F0B = {
						CreatedOnToolsVersion = 14.2;
						TestTargetID = 5651983B2AA7DCF200866F0B;
					};
				};
			};
			buildConfigurationList = 565198372AA7DCF200866F0B /* Build configuration list for PBXProject "FriendBNB" */;
			compatibilityVersion = "Xcode 14.0";
			developmentRegion = en;
			hasScannedForEncodings = 0;
			knownRegions = (
				en,
				Base,
			);
			mainGroup = 565198332AA7DCF200866F0B;
			productRefGroup = 5651983D2AA7DCF200866F0B /* Products */;
			projectDirPath = "";
			projectRoot = "";
			targets = (
				5651983B2AA7DCF200866F0B /* FriendBNB */,
				5651984B2AA7DCF200866F0B /* FriendBNBTests */,
				565198552AA7DCF200866F0B /* FriendBNBUITests */,
			);
		};
/* End PBXProject section */

/* Begin PBXResourcesBuildPhase section */
		5651983A2AA7DCF200866F0B /* Resources */ = {
			isa = PBXResourcesBuildPhase;
			buildActionMask = 2147483647;
			files = (
				56D7B0C42AF2F630002B65DD /* .swiftlint.yml in Resources */,
				565198472AA7DCF200866F0B /* Preview Assets.xcassets in Resources */,
				56E24E772AEE30CA005393C7 /* Localizable.strings in Resources */,
				56DA6A092B059E0B0007BC40 /* GoogleService-Info.plist in Resources */,
				56B34D462B81FACF008F831A /* Assets.xcassets in Resources */,
				565492A62B82CBBE006BF8B8 /* Podfile in Resources */,
				565198442AA7DCF200866F0B /* Colors.xcassets in Resources */,
			);
			runOnlyForDeploymentPostprocessing = 0;
		};
		5651984A2AA7DCF200866F0B /* Resources */ = {
			isa = PBXResourcesBuildPhase;
			buildActionMask = 2147483647;
			files = (
				56DA6A0A2B059E0B0007BC40 /* GoogleService-Info.plist in Resources */,
			);
			runOnlyForDeploymentPostprocessing = 0;
		};
		565198542AA7DCF200866F0B /* Resources */ = {
			isa = PBXResourcesBuildPhase;
			buildActionMask = 2147483647;
			files = (
				56DA6A0B2B059E0B0007BC40 /* GoogleService-Info.plist in Resources */,
			);
			runOnlyForDeploymentPostprocessing = 0;
		};
/* End PBXResourcesBuildPhase section */

/* Begin PBXShellScriptBuildPhase section */
		08BA08A9FEAE7BF8E563399D /* [CP] Check Pods Manifest.lock */ = {
			isa = PBXShellScriptBuildPhase;
			buildActionMask = 2147483647;
			files = (
			);
			inputFileListPaths = (
			);
			inputPaths = (
				"${PODS_PODFILE_DIR_PATH}/Podfile.lock",
				"${PODS_ROOT}/Manifest.lock",
			);
			name = "[CP] Check Pods Manifest.lock";
			outputFileListPaths = (
			);
			outputPaths = (
				"$(DERIVED_FILE_DIR)/Pods-FriendBNB-checkManifestLockResult.txt",
			);
			runOnlyForDeploymentPostprocessing = 0;
			shellPath = /bin/sh;
			shellScript = "diff \"${PODS_PODFILE_DIR_PATH}/Podfile.lock\" \"${PODS_ROOT}/Manifest.lock\" > /dev/null\nif [ $? != 0 ] ; then\n    # print error to STDERR\n    echo \"error: The sandbox is not in sync with the Podfile.lock. Run 'pod install' or update your CocoaPods installation.\" >&2\n    exit 1\nfi\n# This output is used by Xcode 'outputs' to avoid re-running this script phase.\necho \"SUCCESS\" > \"${SCRIPT_OUTPUT_FILE_0}\"\n";
			showEnvVarsInLog = 0;
		};
		19F3D67DDDB123131DE5F0F5 /* [CP] Embed Pods Frameworks */ = {
			isa = PBXShellScriptBuildPhase;
			buildActionMask = 2147483647;
			files = (
			);
			inputFileListPaths = (
				"${PODS_ROOT}/Target Support Files/Pods-FriendBNB/Pods-FriendBNB-frameworks-${CONFIGURATION}-input-files.xcfilelist",
			);
			name = "[CP] Embed Pods Frameworks";
			outputFileListPaths = (
				"${PODS_ROOT}/Target Support Files/Pods-FriendBNB/Pods-FriendBNB-frameworks-${CONFIGURATION}-output-files.xcfilelist",
			);
			runOnlyForDeploymentPostprocessing = 0;
			shellPath = /bin/sh;
			shellScript = "\"${PODS_ROOT}/Target Support Files/Pods-FriendBNB/Pods-FriendBNB-frameworks.sh\"\n";
			showEnvVarsInLog = 0;
		};
		56E24E782AEE3620005393C7 /* SwiftLint */ = {
			isa = PBXShellScriptBuildPhase;
			alwaysOutOfDate = 1;
			buildActionMask = 2147483647;
			files = (
			);
			inputFileListPaths = (
			);
			inputPaths = (
			);
			name = SwiftLint;
			outputFileListPaths = (
			);
			outputPaths = (
			);
			runOnlyForDeploymentPostprocessing = 0;
			shellPath = /bin/sh;
			shellScript = "\"${PODS_ROOT}/SwiftLint/swiftlint\" --config \"$SRCROOT/.swiftlint.yml\"\n\n";
		};
/* End PBXShellScriptBuildPhase section */

/* Begin PBXSourcesBuildPhase section */
		565198382AA7DCF200866F0B /* Sources */ = {
			isa = PBXSourcesBuildPhase;
			buildActionMask = 2147483647;
			files = (
				560020A42B635F5E00244058 /* NotificationStore.swift in Sources */,
				56D7B0DB2AF99F25002B65DD /* NewPropertyView.swift in Sources */,
				565A466F2B02D4D100D67A03 /* PropertyStore.swift in Sources */,
				56041BDC2B6493B5005BD4D8 /* CalendarCellViewModel.swift in Sources */,
				5642FA912B93E5D40029F4F9 /* NotificationCountView.swift in Sources */,
				56EC54562B11F83100AE12DC /* FriendDetailView.swift in Sources */,
				565A466D2B00C70600D67A03 /* Date + Extension.swift in Sources */,
				56041BF52B66075D005BD4D8 /* NewPropertyConfirmView.swift in Sources */,
				564DE5FE2B85AFC5008E1880 /* DetailSheetTitle.swift in Sources */,
				565A46762B0355C500D67A03 /* View + Extension.swift in Sources */,
				565A465E2B00118600D67A03 /* OwnedPropertyEmptyView.swift in Sources */,
				56D7B0E72AFC9DB3002B65DD /* NewPropertySearchViewModel.swift in Sources */,
				560020AB2B6449AC00244058 /* Array + Extension.swift in Sources */,
				565A465C2AFF571800D67A03 /* StyledFloatingTextField.swift in Sources */,
				56940A032B8FF983009CF998 /* PropertyInfo.swift in Sources */,
				56D7B0D02AF4BE97002B65DD /* Property.swift in Sources */,
				56041BE02B64B8AB005BD4D8 /* OwnedBookingConfirmationView.swift in Sources */,
				562B72402B9BB1120020EB24 /* DetailTitle.swift in Sources */,
				56C218502B967F4D00E1AE7C /* Image + Modifiers.swift in Sources */,
				56EC544E2B0CAF4200AE12DC /* OwnedAvailabilityView.swift in Sources */,
				56D7B0C82AF2FB95002B65DD /* RootView.swift in Sources */,
				56EC54362B09DDB400AE12DC /* SecureFloatingPromptTextField.swift in Sources */,
				56041BE42B64C390005BD4D8 /* PairButtonWrapper.swift in Sources */,
				56041BF32B65F955005BD4D8 /* OptionalInfoField.swift in Sources */,
				56041BEE2B65ECC2005BD4D8 /* FloatingPromptTextFieldMultiline.swift in Sources */,
				565A46632B00A11700D67A03 /* CalendarView.swift in Sources */,
				565A467B2B0363C200D67A03 /* FriendNewBookingView.swift in Sources */,
				56EC54522B0D593000AE12DC /* AvailabilityTileView.swift in Sources */,
				56EC54302B09D88200AE12DC /* FloatingPromptTextField.swift in Sources */,
				56E24E7C2AF2EFE5005393C7 /* String + Extension.swift in Sources */,
				565A46612B00145400D67A03 /* OwnedDetailView.swift in Sources */,
				56EC543F2B0B2CCA00AE12DC /* OwnedExistingBookingView.swift in Sources */,
				56940A012B8FF8C7009CF998 /* PropertyBookingGroup.swift in Sources */,
				56F0FA612B965DF40058FD29 /* UINavigationController + Extension.swift in Sources */,
				565A46692B00AB2600D67A03 /* CalendarCellView.swift in Sources */,
				565A46572AFF454400D67A03 /* AddPropertyView.swift in Sources */,
				5600209F2B634F9C00244058 /* InputField.swift in Sources */,
				56944FA02B8D9C7300B36175 /* Coordinate.swift in Sources */,
				56D7B0D52AF8CCE0002B65DD /* SettingsView.swift in Sources */,
				56041BFA2B661F1B005BD4D8 /* NoSelectedPropertyView.swift in Sources */,
				569409FA2B8EEC83009CF998 /* PermissionStore.swift in Sources */,
				569409FD2B8FF88C009CF998 /* BookingStatus.swift in Sources */,
				56D7B0F22AFE2C25002B65DD /* PairButtonsView.swift in Sources */,
				56D7B0DE2AFACF44002B65DD /* NewPropertySearchView.swift in Sources */,
				56940A052B90046C009CF998 /* ScheduleType.swift in Sources */,
				56D7B0E22AFC9C9B002B65DD /* Location.swift in Sources */,
				56EC54502B0CB3B800AE12DC /* Availability.swift in Sources */,
				564DE6002B85BD1A008E1880 /* BookingConfirmationView.swift in Sources */,
				56944F9E2B8B0FD300B36175 /* ToggleInfoDetail.swift in Sources */,
				56EC54392B09F08200AE12DC /* AuthenticationStore.swift in Sources */,
				565198422AA7DCF200866F0B /* LoginView.swift in Sources */,
				56B34D402B72E359008F831A /* TabBar.swift in Sources */,
				56D7B0ED2AFE1A9A002B65DD /* CustomStepperView.swift in Sources */,
				56041BEC2B65D694005BD4D8 /* CurrencyField.swift in Sources */,
				56D7B0CE2AF4BD92002B65DD /* PropertyTileView.swift in Sources */,
				5642FA8F2B93D7BE0029F4F9 /* EventView.swift in Sources */,
				56F98B8F2B97C5FC008EF212 /* UIScreen + Extension.swift in Sources */,
				56D7B0D22AF74E09002B65DD /* Colors + Extension.swift in Sources */,
				562B723C2B9BAF1F0020EB24 /* DetailParagraph.swift in Sources */,
				56EC54322B09D8AE00AE12DC /* FloatingPrompyEnvironmentValues.swift in Sources */,
				56EC543D2B09FFC300AE12DC /* SecureStyledFloatingTextField.swift in Sources */,
				56041BE22B64BFE5005BD4D8 /* BookingStatusIndicatorView.swift in Sources */,
				56F4BA582B8AE04900FE41E7 /* PropertyDetailList.swift in Sources */,
				56D7B0EB2AFDC7AF002B65DD /* NewPropertyAddressView.swift in Sources */,
				560020A72B636D8800244058 /* ErrorView.swift in Sources */,
				567B74FE2B0607DB00639540 /* BookingStore.swift in Sources */,
				56EC54542B11F81B00AE12DC /* FriendHomeEmptyView.swift in Sources */,
				562B723E2B9BB0AC0020EB24 /* DetailHeading.swift in Sources */,
				56D7B0E02AFC9C03002B65DD /* NewPropertyInfoView.swift in Sources */,
				56F98B8D2B97BE2F008EF212 /* Background + Modifiers.swift in Sources */,
				56D7B0CB2AF358BF002B65DD /* OwnedHomeView.swift in Sources */,
				565198402AA7DCF200866F0B /* FriendBNBApp.swift in Sources */,
				5642FA942B94317F0029F4F9 /* OnboardingView.swift in Sources */,
				565450852B9785F2005308D0 /* PaymentPickerView.swift in Sources */,
				56D7B0F02AFE1E5F002B65DD /* Constants.swift in Sources */,
				56D7B0E92AFC9E19002B65DD /* AddressSearchResult.swift in Sources */,
				565450832B97822C005308D0 /* NewPropertyDataStructs.swift in Sources */,
				56EC54582B11FAB000AE12DC /* FriendExistingBookingView.swift in Sources */,
				565A46672B00A69E00D67A03 /* CalendarHelper.swift in Sources */,
				56C347862B976E980026532A /* Shimmering.swift in Sources */,
				56EC54342B09D8E400AE12DC /* FloatingPromptViewExtensions.swift in Sources */,
				565450872B978760005308D0 /* PaymentDetailView.swift in Sources */,
				560020A22B635E3500244058 /* NotificationView.swift in Sources */,
				5627F6C12B9AB2A6008AD7C9 /* BiometricsOnboarding.swift in Sources */,
				56B34D482B8214E7008F831A /* LoadingView.swift in Sources */,
				56041BE82B65B6E7005BD4D8 /* PairButtonSpacer.swift in Sources */,
				565A466B2B00B88700D67A03 /* Booking.swift in Sources */,
				56F0FA652B96744E0058FD29 /* SafeAreaInsets + Extension.swift in Sources */,
				569409F82B8EEA88009CF998 /* AppDelegate.swift in Sources */,
				56EC54412B0B378D00AE12DC /* BookingTileView.swift in Sources */,
				565B7E732B847BB9009A5EDD /* CurrencyInputView.swift in Sources */,
				56041BEA2B65C898005BD4D8 /* Font + Modifiers.swift in Sources */,
				56EC543B2B09F74900AE12DC /* ResetPasswordView.swift in Sources */,
				569409FF2B8FF8AD009CF998 /* PropertyType.swift in Sources */,
				56041BDA2B647657005BD4D8 /* CalendarViewModel.swift in Sources */,
				56041BF12B65F3B5005BD4D8 /* BasicTextField.swift in Sources */,
				565450802B978119005308D0 /* PaymentTileView.swift in Sources */,
				56EC54442B0BF3D900AE12DC /* FriendsHomeView.swift in Sources */,
			);
			runOnlyForDeploymentPostprocessing = 0;
		};
		565198482AA7DCF200866F0B /* Sources */ = {
			isa = PBXSourcesBuildPhase;
			buildActionMask = 2147483647;
			files = (
				565198512AA7DCF200866F0B /* FriendBNBTests.swift in Sources */,
			);
			runOnlyForDeploymentPostprocessing = 0;
		};
		565198522AA7DCF200866F0B /* Sources */ = {
			isa = PBXSourcesBuildPhase;
			buildActionMask = 2147483647;
			files = (
				5651985B2AA7DCF200866F0B /* FriendBNBUITests.swift in Sources */,
				5651985D2AA7DCF200866F0B /* FriendBNBUITestsLaunchTests.swift in Sources */,
			);
			runOnlyForDeploymentPostprocessing = 0;
		};
/* End PBXSourcesBuildPhase section */

/* Begin PBXTargetDependency section */
		5651984E2AA7DCF200866F0B /* PBXTargetDependency */ = {
			isa = PBXTargetDependency;
			target = 5651983B2AA7DCF200866F0B /* FriendBNB */;
			targetProxy = 5651984D2AA7DCF200866F0B /* PBXContainerItemProxy */;
		};
		565198582AA7DCF200866F0B /* PBXTargetDependency */ = {
			isa = PBXTargetDependency;
			target = 5651983B2AA7DCF200866F0B /* FriendBNB */;
			targetProxy = 565198572AA7DCF200866F0B /* PBXContainerItemProxy */;
		};
/* End PBXTargetDependency section */

/* Begin XCBuildConfiguration section */
		5651985E2AA7DCF200866F0B /* Debug */ = {
			isa = XCBuildConfiguration;
			buildSettings = {
				ALWAYS_SEARCH_USER_PATHS = NO;
				CLANG_ANALYZER_NONNULL = YES;
				CLANG_ANALYZER_NUMBER_OBJECT_CONVERSION = YES_AGGRESSIVE;
				CLANG_CXX_LANGUAGE_STANDARD = "gnu++20";
				CLANG_ENABLE_MODULES = YES;
				CLANG_ENABLE_OBJC_ARC = YES;
				CLANG_ENABLE_OBJC_WEAK = YES;
				CLANG_WARN_BLOCK_CAPTURE_AUTORELEASING = YES;
				CLANG_WARN_BOOL_CONVERSION = YES;
				CLANG_WARN_COMMA = YES;
				CLANG_WARN_CONSTANT_CONVERSION = YES;
				CLANG_WARN_DEPRECATED_OBJC_IMPLEMENTATIONS = YES;
				CLANG_WARN_DIRECT_OBJC_ISA_USAGE = YES_ERROR;
				CLANG_WARN_DOCUMENTATION_COMMENTS = YES;
				CLANG_WARN_EMPTY_BODY = YES;
				CLANG_WARN_ENUM_CONVERSION = YES;
				CLANG_WARN_INFINITE_RECURSION = YES;
				CLANG_WARN_INT_CONVERSION = YES;
				CLANG_WARN_NON_LITERAL_NULL_CONVERSION = YES;
				CLANG_WARN_OBJC_IMPLICIT_RETAIN_SELF = YES;
				CLANG_WARN_OBJC_LITERAL_CONVERSION = YES;
				CLANG_WARN_OBJC_ROOT_CLASS = YES_ERROR;
				CLANG_WARN_QUOTED_INCLUDE_IN_FRAMEWORK_HEADER = YES;
				CLANG_WARN_RANGE_LOOP_ANALYSIS = YES;
				CLANG_WARN_STRICT_PROTOTYPES = YES;
				CLANG_WARN_SUSPICIOUS_MOVE = YES;
				CLANG_WARN_UNGUARDED_AVAILABILITY = YES_AGGRESSIVE;
				CLANG_WARN_UNREACHABLE_CODE = YES;
				CLANG_WARN__DUPLICATE_METHOD_MATCH = YES;
				COPY_PHASE_STRIP = NO;
				DEBUG_INFORMATION_FORMAT = dwarf;
				ENABLE_STRICT_OBJC_MSGSEND = YES;
				ENABLE_TESTABILITY = YES;
				GCC_C_LANGUAGE_STANDARD = gnu11;
				GCC_DYNAMIC_NO_PIC = NO;
				GCC_NO_COMMON_BLOCKS = YES;
				GCC_OPTIMIZATION_LEVEL = 0;
				GCC_PREPROCESSOR_DEFINITIONS = (
					"DEBUG=1",
					"$(inherited)",
				);
				GCC_WARN_64_TO_32_BIT_CONVERSION = YES;
				GCC_WARN_ABOUT_RETURN_TYPE = YES_ERROR;
				GCC_WARN_UNDECLARED_SELECTOR = YES;
				GCC_WARN_UNINITIALIZED_AUTOS = YES_AGGRESSIVE;
				GCC_WARN_UNUSED_FUNCTION = YES;
				GCC_WARN_UNUSED_VARIABLE = YES;
				IPHONEOS_DEPLOYMENT_TARGET = 17.0;
				MTL_ENABLE_DEBUG_INFO = INCLUDE_SOURCE;
				MTL_FAST_MATH = YES;
				ONLY_ACTIVE_ARCH = YES;
				SDKROOT = iphoneos;
				SWIFT_ACTIVE_COMPILATION_CONDITIONS = DEBUG;
				SWIFT_OPTIMIZATION_LEVEL = "-Onone";
			};
			name = Debug;
		};
		5651985F2AA7DCF200866F0B /* Release */ = {
			isa = XCBuildConfiguration;
			buildSettings = {
				ALWAYS_SEARCH_USER_PATHS = NO;
				CLANG_ANALYZER_NONNULL = YES;
				CLANG_ANALYZER_NUMBER_OBJECT_CONVERSION = YES_AGGRESSIVE;
				CLANG_CXX_LANGUAGE_STANDARD = "gnu++20";
				CLANG_ENABLE_MODULES = YES;
				CLANG_ENABLE_OBJC_ARC = YES;
				CLANG_ENABLE_OBJC_WEAK = YES;
				CLANG_WARN_BLOCK_CAPTURE_AUTORELEASING = YES;
				CLANG_WARN_BOOL_CONVERSION = YES;
				CLANG_WARN_COMMA = YES;
				CLANG_WARN_CONSTANT_CONVERSION = YES;
				CLANG_WARN_DEPRECATED_OBJC_IMPLEMENTATIONS = YES;
				CLANG_WARN_DIRECT_OBJC_ISA_USAGE = YES_ERROR;
				CLANG_WARN_DOCUMENTATION_COMMENTS = YES;
				CLANG_WARN_EMPTY_BODY = YES;
				CLANG_WARN_ENUM_CONVERSION = YES;
				CLANG_WARN_INFINITE_RECURSION = YES;
				CLANG_WARN_INT_CONVERSION = YES;
				CLANG_WARN_NON_LITERAL_NULL_CONVERSION = YES;
				CLANG_WARN_OBJC_IMPLICIT_RETAIN_SELF = YES;
				CLANG_WARN_OBJC_LITERAL_CONVERSION = YES;
				CLANG_WARN_OBJC_ROOT_CLASS = YES_ERROR;
				CLANG_WARN_QUOTED_INCLUDE_IN_FRAMEWORK_HEADER = YES;
				CLANG_WARN_RANGE_LOOP_ANALYSIS = YES;
				CLANG_WARN_STRICT_PROTOTYPES = YES;
				CLANG_WARN_SUSPICIOUS_MOVE = YES;
				CLANG_WARN_UNGUARDED_AVAILABILITY = YES_AGGRESSIVE;
				CLANG_WARN_UNREACHABLE_CODE = YES;
				CLANG_WARN__DUPLICATE_METHOD_MATCH = YES;
				COPY_PHASE_STRIP = NO;
				DEBUG_INFORMATION_FORMAT = "dwarf-with-dsym";
				ENABLE_NS_ASSERTIONS = NO;
				ENABLE_STRICT_OBJC_MSGSEND = YES;
				GCC_C_LANGUAGE_STANDARD = gnu11;
				GCC_NO_COMMON_BLOCKS = YES;
				GCC_WARN_64_TO_32_BIT_CONVERSION = YES;
				GCC_WARN_ABOUT_RETURN_TYPE = YES_ERROR;
				GCC_WARN_UNDECLARED_SELECTOR = YES;
				GCC_WARN_UNINITIALIZED_AUTOS = YES_AGGRESSIVE;
				GCC_WARN_UNUSED_FUNCTION = YES;
				GCC_WARN_UNUSED_VARIABLE = YES;
				IPHONEOS_DEPLOYMENT_TARGET = 17.0;
				MTL_ENABLE_DEBUG_INFO = NO;
				MTL_FAST_MATH = YES;
				SDKROOT = iphoneos;
				SWIFT_COMPILATION_MODE = wholemodule;
				SWIFT_OPTIMIZATION_LEVEL = "-O";
				VALIDATE_PRODUCT = YES;
			};
			name = Release;
		};
		565198612AA7DCF200866F0B /* Debug */ = {
			isa = XCBuildConfiguration;
			baseConfigurationReference = A88517334A19E262D7241542 /* Pods-FriendBNB.debug.xcconfig */;
			buildSettings = {
				ASSETCATALOG_COMPILER_APPICON_NAME = AppIcon;
				ASSETCATALOG_COMPILER_GLOBAL_ACCENT_COLOR_NAME = AccentColor;
				CODE_SIGN_ENTITLEMENTS = FriendBNB/FriendBNB.entitlements;
				CODE_SIGN_IDENTITY = "Apple Development";
				CODE_SIGN_STYLE = Automatic;
				DEVELOPMENT_ASSET_PATHS = "\"FriendBNB/Preview Content\"";
				DEVELOPMENT_TEAM = Z4H6YA468R;
				ENABLE_PREVIEWS = YES;
				GENERATE_INFOPLIST_FILE = YES;
				INFOPLIST_FILE = FriendBNB/Info.plist;
				INFOPLIST_KEY_UIApplicationSupportsIndirectInputEvents = YES;
				INFOPLIST_KEY_UILaunchScreen_Generation = YES;
				INFOPLIST_KEY_UISupportedInterfaceOrientations = "UIInterfaceOrientationPortrait UIInterfaceOrientationPortraitUpsideDown";
				INFOPLIST_KEY_UISupportedInterfaceOrientations_iPad = "UIInterfaceOrientationLandscapeLeft UIInterfaceOrientationLandscapeRight UIInterfaceOrientationPortrait UIInterfaceOrientationPortraitUpsideDown";
				INFOPLIST_KEY_UIUserInterfaceStyle = Light;
				IPHONEOS_DEPLOYMENT_TARGET = 17.0;
				LD_RUNPATH_SEARCH_PATHS = (
					"$(inherited)",
					"@executable_path/Frameworks",
				);
				MARKETING_VERSION = 1.0.3;
				PRODUCT_BUNDLE_IDENTIFIER = com.baboo.FriendBNB;
				PRODUCT_NAME = "$(TARGET_NAME)";
				PROVISIONING_PROFILE_SPECIFIER = "";
				SUPPORTED_PLATFORMS = "iphoneos iphonesimulator";
				SUPPORTS_MACCATALYST = NO;
				SUPPORTS_MAC_DESIGNED_FOR_IPHONE_IPAD = NO;
				SWIFT_EMIT_LOC_STRINGS = YES;
				SWIFT_VERSION = 5.0;
				TARGETED_DEVICE_FAMILY = "1,2";
			};
			name = Debug;
		};
		565198622AA7DCF200866F0B /* Release */ = {
			isa = XCBuildConfiguration;
			baseConfigurationReference = 89B92C97B306D5AD425B48AB /* Pods-FriendBNB.release.xcconfig */;
			buildSettings = {
				ASSETCATALOG_COMPILER_APPICON_NAME = AppIcon;
				ASSETCATALOG_COMPILER_GLOBAL_ACCENT_COLOR_NAME = AccentColor;
				CODE_SIGN_ENTITLEMENTS = FriendBNB/FriendBNB.entitlements;
				CODE_SIGN_IDENTITY = "Apple Development";
				CODE_SIGN_STYLE = Automatic;
				DEVELOPMENT_ASSET_PATHS = "\"FriendBNB/Preview Content\"";
				DEVELOPMENT_TEAM = Z4H6YA468R;
				ENABLE_PREVIEWS = YES;
				GENERATE_INFOPLIST_FILE = YES;
				INFOPLIST_FILE = FriendBNB/Info.plist;
				INFOPLIST_KEY_UIApplicationSupportsIndirectInputEvents = YES;
				INFOPLIST_KEY_UILaunchScreen_Generation = YES;
				INFOPLIST_KEY_UISupportedInterfaceOrientations = "UIInterfaceOrientationPortrait UIInterfaceOrientationPortraitUpsideDown";
				INFOPLIST_KEY_UISupportedInterfaceOrientations_iPad = "UIInterfaceOrientationLandscapeLeft UIInterfaceOrientationLandscapeRight UIInterfaceOrientationPortrait UIInterfaceOrientationPortraitUpsideDown";
				INFOPLIST_KEY_UIUserInterfaceStyle = Light;
				IPHONEOS_DEPLOYMENT_TARGET = 17.0;
				LD_RUNPATH_SEARCH_PATHS = (
					"$(inherited)",
					"@executable_path/Frameworks",
				);
				MARKETING_VERSION = 1.0.3;
				PRODUCT_BUNDLE_IDENTIFIER = com.baboo.FriendBNB;
				PRODUCT_NAME = "$(TARGET_NAME)";
				PROVISIONING_PROFILE_SPECIFIER = "";
				SUPPORTED_PLATFORMS = "iphoneos iphonesimulator";
				SUPPORTS_MACCATALYST = NO;
				SUPPORTS_MAC_DESIGNED_FOR_IPHONE_IPAD = NO;
				SWIFT_EMIT_LOC_STRINGS = YES;
				SWIFT_VERSION = 5.0;
				TARGETED_DEVICE_FAMILY = "1,2";
			};
			name = Release;
		};
		565198642AA7DCF200866F0B /* Debug */ = {
			isa = XCBuildConfiguration;
			buildSettings = {
				ALWAYS_EMBED_SWIFT_STANDARD_LIBRARIES = YES;
				BUNDLE_LOADER = "$(TEST_HOST)";
				CODE_SIGN_STYLE = Automatic;
				CURRENT_PROJECT_VERSION = 1;
				DEVELOPMENT_TEAM = Z4H6YA468R;
				GENERATE_INFOPLIST_FILE = YES;
				IPHONEOS_DEPLOYMENT_TARGET = 16.2;
				MARKETING_VERSION = 1.0;
				PRODUCT_BUNDLE_IDENTIFIER = com.baboo.FriendBNBTests;
				PRODUCT_NAME = "$(TARGET_NAME)";
				SWIFT_EMIT_LOC_STRINGS = NO;
				SWIFT_VERSION = 5.0;
				TARGETED_DEVICE_FAMILY = "1,2";
				TEST_HOST = "$(BUILT_PRODUCTS_DIR)/FriendBNB.app/$(BUNDLE_EXECUTABLE_FOLDER_PATH)/FriendBNB";
			};
			name = Debug;
		};
		565198652AA7DCF200866F0B /* Release */ = {
			isa = XCBuildConfiguration;
			buildSettings = {
				ALWAYS_EMBED_SWIFT_STANDARD_LIBRARIES = YES;
				BUNDLE_LOADER = "$(TEST_HOST)";
				CODE_SIGN_STYLE = Automatic;
				CURRENT_PROJECT_VERSION = 1;
				DEVELOPMENT_TEAM = Z4H6YA468R;
				GENERATE_INFOPLIST_FILE = YES;
				IPHONEOS_DEPLOYMENT_TARGET = 16.2;
				MARKETING_VERSION = 1.0;
				PRODUCT_BUNDLE_IDENTIFIER = com.baboo.FriendBNBTests;
				PRODUCT_NAME = "$(TARGET_NAME)";
				SWIFT_EMIT_LOC_STRINGS = NO;
				SWIFT_VERSION = 5.0;
				TARGETED_DEVICE_FAMILY = "1,2";
				TEST_HOST = "$(BUILT_PRODUCTS_DIR)/FriendBNB.app/$(BUNDLE_EXECUTABLE_FOLDER_PATH)/FriendBNB";
			};
			name = Release;
		};
		565198672AA7DCF200866F0B /* Debug */ = {
			isa = XCBuildConfiguration;
			buildSettings = {
				ALWAYS_EMBED_SWIFT_STANDARD_LIBRARIES = YES;
				CODE_SIGN_STYLE = Automatic;
				CURRENT_PROJECT_VERSION = 1;
				DEVELOPMENT_TEAM = Z4H6YA468R;
				GENERATE_INFOPLIST_FILE = YES;
				MARKETING_VERSION = 1.0;
				PRODUCT_BUNDLE_IDENTIFIER = com.baboo.FriendBNBUITests;
				PRODUCT_NAME = "$(TARGET_NAME)";
				SWIFT_EMIT_LOC_STRINGS = NO;
				SWIFT_VERSION = 5.0;
				TARGETED_DEVICE_FAMILY = "1,2";
				TEST_TARGET_NAME = FriendBNB;
			};
			name = Debug;
		};
		565198682AA7DCF200866F0B /* Release */ = {
			isa = XCBuildConfiguration;
			buildSettings = {
				ALWAYS_EMBED_SWIFT_STANDARD_LIBRARIES = YES;
				CODE_SIGN_STYLE = Automatic;
				CURRENT_PROJECT_VERSION = 1;
				DEVELOPMENT_TEAM = Z4H6YA468R;
				GENERATE_INFOPLIST_FILE = YES;
				MARKETING_VERSION = 1.0;
				PRODUCT_BUNDLE_IDENTIFIER = com.baboo.FriendBNBUITests;
				PRODUCT_NAME = "$(TARGET_NAME)";
				SWIFT_EMIT_LOC_STRINGS = NO;
				SWIFT_VERSION = 5.0;
				TARGETED_DEVICE_FAMILY = "1,2";
				TEST_TARGET_NAME = FriendBNB;
			};
			name = Release;
		};
/* End XCBuildConfiguration section */

/* Begin XCConfigurationList section */
		565198372AA7DCF200866F0B /* Build configuration list for PBXProject "FriendBNB" */ = {
			isa = XCConfigurationList;
			buildConfigurations = (
				5651985E2AA7DCF200866F0B /* Debug */,
				5651985F2AA7DCF200866F0B /* Release */,
			);
			defaultConfigurationIsVisible = 0;
			defaultConfigurationName = Release;
		};
		565198602AA7DCF200866F0B /* Build configuration list for PBXNativeTarget "FriendBNB" */ = {
			isa = XCConfigurationList;
			buildConfigurations = (
				565198612AA7DCF200866F0B /* Debug */,
				565198622AA7DCF200866F0B /* Release */,
			);
			defaultConfigurationIsVisible = 0;
			defaultConfigurationName = Release;
		};
		565198632AA7DCF200866F0B /* Build configuration list for PBXNativeTarget "FriendBNBTests" */ = {
			isa = XCConfigurationList;
			buildConfigurations = (
				565198642AA7DCF200866F0B /* Debug */,
				565198652AA7DCF200866F0B /* Release */,
			);
			defaultConfigurationIsVisible = 0;
			defaultConfigurationName = Release;
		};
		565198662AA7DCF200866F0B /* Build configuration list for PBXNativeTarget "FriendBNBUITests" */ = {
			isa = XCConfigurationList;
			buildConfigurations = (
				565198672AA7DCF200866F0B /* Debug */,
				565198682AA7DCF200866F0B /* Release */,
			);
			defaultConfigurationIsVisible = 0;
			defaultConfigurationName = Release;
		};
/* End XCConfigurationList section */
	};
	rootObject = 565198342AA7DCF200866F0B /* Project object */;
}
