// !$*UTF8*$!
{
	archiveVersion = 1;
	classes = {
	};
	objectVersion = 56;
	objects = {

/* Begin PBXBuildFile section */
		1950532290672558B022FD94 /* Pods_FriendBNB.framework in Frameworks */ = {isa = PBXBuildFile; fileRef = E19B548CCA72EEB2AD42091C /* Pods_FriendBNB.framework */; };
		565198402AA7DCF200866F0B /* FriendBNBApp.swift in Sources */ = {isa = PBXBuildFile; fileRef = 5651983F2AA7DCF200866F0B /* FriendBNBApp.swift */; };
		565198422AA7DCF200866F0B /* LoginView.swift in Sources */ = {isa = PBXBuildFile; fileRef = 565198412AA7DCF200866F0B /* LoginView.swift */; };
		565198442AA7DCF200866F0B /* Colors.xcassets in Resources */ = {isa = PBXBuildFile; fileRef = 565198432AA7DCF200866F0B /* Colors.xcassets */; };
		565198472AA7DCF200866F0B /* Preview Assets.xcassets in Resources */ = {isa = PBXBuildFile; fileRef = 565198462AA7DCF200866F0B /* Preview Assets.xcassets */; };
		565198512AA7DCF200866F0B /* FriendBNBTests.swift in Sources */ = {isa = PBXBuildFile; fileRef = 565198502AA7DCF200866F0B /* FriendBNBTests.swift */; };
		5651985B2AA7DCF200866F0B /* FriendBNBUITests.swift in Sources */ = {isa = PBXBuildFile; fileRef = 5651985A2AA7DCF200866F0B /* FriendBNBUITests.swift */; };
		5651985D2AA7DCF200866F0B /* FriendBNBUITestsLaunchTests.swift in Sources */ = {isa = PBXBuildFile; fileRef = 5651985C2AA7DCF200866F0B /* FriendBNBUITestsLaunchTests.swift */; };
		5651986C2AA7DE8100866F0B /* GoogleService-Info.plist in Resources */ = {isa = PBXBuildFile; fileRef = 5651986B2AA7DE8100866F0B /* GoogleService-Info.plist */; };
		5651986D2AA7DE8100866F0B /* GoogleService-Info.plist in Resources */ = {isa = PBXBuildFile; fileRef = 5651986B2AA7DE8100866F0B /* GoogleService-Info.plist */; };
		5651986E2AA7DE8100866F0B /* GoogleService-Info.plist in Resources */ = {isa = PBXBuildFile; fileRef = 5651986B2AA7DE8100866F0B /* GoogleService-Info.plist */; };
		565A46542AFF031300D67A03 /* NewPropertyInfo.swift in Sources */ = {isa = PBXBuildFile; fileRef = 565A46532AFF031300D67A03 /* NewPropertyInfo.swift */; };
		565A46572AFF454400D67A03 /* AddPropertyView.swift in Sources */ = {isa = PBXBuildFile; fileRef = 565A46562AFF454400D67A03 /* AddPropertyView.swift */; };
		565A465C2AFF571800D67A03 /* StyledFloatingTextField.swift in Sources */ = {isa = PBXBuildFile; fileRef = 565A465B2AFF571800D67A03 /* StyledFloatingTextField.swift */; };
		565A465E2B00118600D67A03 /* HomeEmptyView.swift in Sources */ = {isa = PBXBuildFile; fileRef = 565A465D2B00118600D67A03 /* HomeEmptyView.swift */; };
		565A46612B00145400D67A03 /* PropertyDetailView.swift in Sources */ = {isa = PBXBuildFile; fileRef = 565A46602B00145400D67A03 /* PropertyDetailView.swift */; };
		565A46632B00A11700D67A03 /* CalendarView.swift in Sources */ = {isa = PBXBuildFile; fileRef = 565A46622B00A11700D67A03 /* CalendarView.swift */; };
		565A46672B00A69E00D67A03 /* CalendarHelper.swift in Sources */ = {isa = PBXBuildFile; fileRef = 565A46662B00A69E00D67A03 /* CalendarHelper.swift */; };
		565A46692B00AB2600D67A03 /* CalendarCellView.swift in Sources */ = {isa = PBXBuildFile; fileRef = 565A46682B00AB2600D67A03 /* CalendarCellView.swift */; };
		565A466B2B00B88700D67A03 /* Booking.swift in Sources */ = {isa = PBXBuildFile; fileRef = 565A466A2B00B88700D67A03 /* Booking.swift */; };
		565A466D2B00C70600D67A03 /* Date.swift in Sources */ = {isa = PBXBuildFile; fileRef = 565A466C2B00C70600D67A03 /* Date.swift */; };
		565A466F2B02D4D100D67A03 /* HomeManager.swift in Sources */ = {isa = PBXBuildFile; fileRef = 565A466E2B02D4D100D67A03 /* HomeManager.swift */; };
		565A46722B02DAD600D67A03 /* NewPropertyManager.swift in Sources */ = {isa = PBXBuildFile; fileRef = 565A46712B02DAD600D67A03 /* NewPropertyManager.swift */; };
		565A46742B02E55700D67A03 /* PropertyDetailSettingsView.swift in Sources */ = {isa = PBXBuildFile; fileRef = 565A46732B02E55700D67A03 /* PropertyDetailSettingsView.swift */; };
		565A46762B0355C500D67A03 /* View.swift in Sources */ = {isa = PBXBuildFile; fileRef = 565A46752B0355C500D67A03 /* View.swift */; };
		565A46782B03583A00D67A03 /* PropertyDetailManager.swift in Sources */ = {isa = PBXBuildFile; fileRef = 565A46772B03583A00D67A03 /* PropertyDetailManager.swift */; };
		565A467B2B0363C200D67A03 /* BookingView.swift in Sources */ = {isa = PBXBuildFile; fileRef = 565A467A2B0363C200D67A03 /* BookingView.swift */; };
		56D7B0C42AF2F630002B65DD /* .swiftlint.yml in Resources */ = {isa = PBXBuildFile; fileRef = 56D7B0C32AF2F630002B65DD /* .swiftlint.yml */; };
		56D7B0C82AF2FB95002B65DD /* RootView.swift in Sources */ = {isa = PBXBuildFile; fileRef = 56D7B0C72AF2FB95002B65DD /* RootView.swift */; };
		56D7B0CB2AF358BF002B65DD /* HomeView.swift in Sources */ = {isa = PBXBuildFile; fileRef = 56D7B0CA2AF358BF002B65DD /* HomeView.swift */; };
		56D7B0CE2AF4BD92002B65DD /* HomeTileView.swift in Sources */ = {isa = PBXBuildFile; fileRef = 56D7B0CD2AF4BD92002B65DD /* HomeTileView.swift */; };
		56D7B0D02AF4BE97002B65DD /* Property.swift in Sources */ = {isa = PBXBuildFile; fileRef = 56D7B0CF2AF4BE97002B65DD /* Property.swift */; };
		56D7B0D22AF74E09002B65DD /* Colors.swift in Sources */ = {isa = PBXBuildFile; fileRef = 56D7B0D12AF74E09002B65DD /* Colors.swift */; };
		56D7B0D52AF8CCE0002B65DD /* SettingsView.swift in Sources */ = {isa = PBXBuildFile; fileRef = 56D7B0D42AF8CCE0002B65DD /* SettingsView.swift */; };
		56D7B0D92AF99B83002B65DD /* HomeMenuButtonView.swift in Sources */ = {isa = PBXBuildFile; fileRef = 56D7B0D82AF99B83002B65DD /* HomeMenuButtonView.swift */; };
		56D7B0DB2AF99F25002B65DD /* NewPropertyView.swift in Sources */ = {isa = PBXBuildFile; fileRef = 56D7B0DA2AF99F25002B65DD /* NewPropertyView.swift */; };
		56D7B0DE2AFACF44002B65DD /* NewPropertySearchView.swift in Sources */ = {isa = PBXBuildFile; fileRef = 56D7B0DD2AFACF44002B65DD /* NewPropertySearchView.swift */; };
		56D7B0E02AFC9C03002B65DD /* NewPropertyInfoView.swift in Sources */ = {isa = PBXBuildFile; fileRef = 56D7B0DF2AFC9C03002B65DD /* NewPropertyInfoView.swift */; };
		56D7B0E22AFC9C9B002B65DD /* Location.swift in Sources */ = {isa = PBXBuildFile; fileRef = 56D7B0E12AFC9C9B002B65DD /* Location.swift */; };
		56D7B0E72AFC9DB3002B65DD /* NewPropertySearchViewModel.swift in Sources */ = {isa = PBXBuildFile; fileRef = 56D7B0E62AFC9DB3002B65DD /* NewPropertySearchViewModel.swift */; };
		56D7B0E92AFC9E19002B65DD /* AddressSearchResult.swift in Sources */ = {isa = PBXBuildFile; fileRef = 56D7B0E82AFC9E19002B65DD /* AddressSearchResult.swift */; };
		56D7B0EB2AFDC7AF002B65DD /* NewPropertyAddressView.swift in Sources */ = {isa = PBXBuildFile; fileRef = 56D7B0EA2AFDC7AF002B65DD /* NewPropertyAddressView.swift */; };
		56D7B0ED2AFE1A9A002B65DD /* CustomStepperView.swift in Sources */ = {isa = PBXBuildFile; fileRef = 56D7B0EC2AFE1A9A002B65DD /* CustomStepperView.swift */; };
		56D7B0F02AFE1E5F002B65DD /* Constants.swift in Sources */ = {isa = PBXBuildFile; fileRef = 56D7B0EF2AFE1E5F002B65DD /* Constants.swift */; };
		56D7B0F22AFE2C25002B65DD /* PairButtonsView.swift in Sources */ = {isa = PBXBuildFile; fileRef = 56D7B0F12AFE2C25002B65DD /* PairButtonsView.swift */; };
		56D7B0F52AFEF5A9002B65DD /* FloatingPromptTextField in Frameworks */ = {isa = PBXBuildFile; productRef = 56D7B0F42AFEF5A9002B65DD /* FloatingPromptTextField */; };
		56E24E772AEE30CA005393C7 /* Localizable.strings in Resources */ = {isa = PBXBuildFile; fileRef = 56E24E762AEE30CA005393C7 /* Localizable.strings */; };
		56E24E7C2AF2EFE5005393C7 /* String.swift in Sources */ = {isa = PBXBuildFile; fileRef = 56E24E7B2AF2EFE5005393C7 /* String.swift */; };
/* End PBXBuildFile section */

/* Begin PBXContainerItemProxy section */
		5651984D2AA7DCF200866F0B /* PBXContainerItemProxy */ = {
			isa = PBXContainerItemProxy;
			containerPortal = 565198342AA7DCF200866F0B /* Project object */;
			proxyType = 1;
			remoteGlobalIDString = 5651983B2AA7DCF200866F0B;
			remoteInfo = FriendBNB;
		};
		565198572AA7DCF200866F0B /* PBXContainerItemProxy */ = {
			isa = PBXContainerItemProxy;
			containerPortal = 565198342AA7DCF200866F0B /* Project object */;
			proxyType = 1;
			remoteGlobalIDString = 5651983B2AA7DCF200866F0B;
			remoteInfo = FriendBNB;
		};
/* End PBXContainerItemProxy section */

/* Begin PBXFileReference section */
		5651983C2AA7DCF200866F0B /* FriendBNB.app */ = {isa = PBXFileReference; explicitFileType = wrapper.application; includeInIndex = 0; path = FriendBNB.app; sourceTree = BUILT_PRODUCTS_DIR; };
		5651983F2AA7DCF200866F0B /* FriendBNBApp.swift */ = {isa = PBXFileReference; lastKnownFileType = sourcecode.swift; path = FriendBNBApp.swift; sourceTree = "<group>"; };
		565198412AA7DCF200866F0B /* LoginView.swift */ = {isa = PBXFileReference; lastKnownFileType = sourcecode.swift; path = LoginView.swift; sourceTree = "<group>"; };
		565198432AA7DCF200866F0B /* Colors.xcassets */ = {isa = PBXFileReference; lastKnownFileType = folder.assetcatalog; path = Colors.xcassets; sourceTree = "<group>"; };
		565198462AA7DCF200866F0B /* Preview Assets.xcassets */ = {isa = PBXFileReference; lastKnownFileType = folder.assetcatalog; path = "Preview Assets.xcassets"; sourceTree = "<group>"; };
		5651984C2AA7DCF200866F0B /* FriendBNBTests.xctest */ = {isa = PBXFileReference; explicitFileType = wrapper.cfbundle; includeInIndex = 0; path = FriendBNBTests.xctest; sourceTree = BUILT_PRODUCTS_DIR; };
		565198502AA7DCF200866F0B /* FriendBNBTests.swift */ = {isa = PBXFileReference; lastKnownFileType = sourcecode.swift; path = FriendBNBTests.swift; sourceTree = "<group>"; };
		565198562AA7DCF200866F0B /* FriendBNBUITests.xctest */ = {isa = PBXFileReference; explicitFileType = wrapper.cfbundle; includeInIndex = 0; path = FriendBNBUITests.xctest; sourceTree = BUILT_PRODUCTS_DIR; };
		5651985A2AA7DCF200866F0B /* FriendBNBUITests.swift */ = {isa = PBXFileReference; lastKnownFileType = sourcecode.swift; path = FriendBNBUITests.swift; sourceTree = "<group>"; };
		5651985C2AA7DCF200866F0B /* FriendBNBUITestsLaunchTests.swift */ = {isa = PBXFileReference; lastKnownFileType = sourcecode.swift; path = FriendBNBUITestsLaunchTests.swift; sourceTree = "<group>"; };
		5651986B2AA7DE8100866F0B /* GoogleService-Info.plist */ = {isa = PBXFileReference; fileEncoding = 4; lastKnownFileType = text.plist.xml; path = "GoogleService-Info.plist"; sourceTree = "<group>"; };
		565A46532AFF031300D67A03 /* NewPropertyInfo.swift */ = {isa = PBXFileReference; lastKnownFileType = sourcecode.swift; path = NewPropertyInfo.swift; sourceTree = "<group>"; };
		565A46562AFF454400D67A03 /* AddPropertyView.swift */ = {isa = PBXFileReference; lastKnownFileType = sourcecode.swift; path = AddPropertyView.swift; sourceTree = "<group>"; };
		565A465B2AFF571800D67A03 /* StyledFloatingTextField.swift */ = {isa = PBXFileReference; lastKnownFileType = sourcecode.swift; path = StyledFloatingTextField.swift; sourceTree = "<group>"; };
		565A465D2B00118600D67A03 /* HomeEmptyView.swift */ = {isa = PBXFileReference; lastKnownFileType = sourcecode.swift; path = HomeEmptyView.swift; sourceTree = "<group>"; };
		565A46602B00145400D67A03 /* PropertyDetailView.swift */ = {isa = PBXFileReference; lastKnownFileType = sourcecode.swift; path = PropertyDetailView.swift; sourceTree = "<group>"; };
		565A46622B00A11700D67A03 /* CalendarView.swift */ = {isa = PBXFileReference; lastKnownFileType = sourcecode.swift; path = CalendarView.swift; sourceTree = "<group>"; };
		565A46662B00A69E00D67A03 /* CalendarHelper.swift */ = {isa = PBXFileReference; lastKnownFileType = sourcecode.swift; path = CalendarHelper.swift; sourceTree = "<group>"; };
		565A46682B00AB2600D67A03 /* CalendarCellView.swift */ = {isa = PBXFileReference; lastKnownFileType = sourcecode.swift; path = CalendarCellView.swift; sourceTree = "<group>"; };
		565A466A2B00B88700D67A03 /* Booking.swift */ = {isa = PBXFileReference; lastKnownFileType = sourcecode.swift; path = Booking.swift; sourceTree = "<group>"; };
		565A466C2B00C70600D67A03 /* Date.swift */ = {isa = PBXFileReference; lastKnownFileType = sourcecode.swift; path = Date.swift; sourceTree = "<group>"; };
		565A466E2B02D4D100D67A03 /* HomeManager.swift */ = {isa = PBXFileReference; lastKnownFileType = sourcecode.swift; path = HomeManager.swift; sourceTree = "<group>"; };
		565A46712B02DAD600D67A03 /* NewPropertyManager.swift */ = {isa = PBXFileReference; lastKnownFileType = sourcecode.swift; path = NewPropertyManager.swift; sourceTree = "<group>"; };
		565A46732B02E55700D67A03 /* PropertyDetailSettingsView.swift */ = {isa = PBXFileReference; lastKnownFileType = sourcecode.swift; path = PropertyDetailSettingsView.swift; sourceTree = "<group>"; };
		565A46752B0355C500D67A03 /* View.swift */ = {isa = PBXFileReference; lastKnownFileType = sourcecode.swift; path = View.swift; sourceTree = "<group>"; };
		565A46772B03583A00D67A03 /* PropertyDetailManager.swift */ = {isa = PBXFileReference; lastKnownFileType = sourcecode.swift; path = PropertyDetailManager.swift; sourceTree = "<group>"; };
		565A467A2B0363C200D67A03 /* BookingView.swift */ = {isa = PBXFileReference; lastKnownFileType = sourcecode.swift; path = BookingView.swift; sourceTree = "<group>"; };
		569A8FEB2AA82DCD003B3A44 /* Info.plist */ = {isa = PBXFileReference; lastKnownFileType = text.plist; path = Info.plist; sourceTree = "<group>"; };
		56D7B0C32AF2F630002B65DD /* .swiftlint.yml */ = {isa = PBXFileReference; fileEncoding = 4; lastKnownFileType = text.yaml; path = .swiftlint.yml; sourceTree = SOURCE_ROOT; };
		56D7B0C72AF2FB95002B65DD /* RootView.swift */ = {isa = PBXFileReference; lastKnownFileType = sourcecode.swift; path = RootView.swift; sourceTree = "<group>"; };
		56D7B0CA2AF358BF002B65DD /* HomeView.swift */ = {isa = PBXFileReference; lastKnownFileType = sourcecode.swift; path = HomeView.swift; sourceTree = "<group>"; };
		56D7B0CD2AF4BD92002B65DD /* HomeTileView.swift */ = {isa = PBXFileReference; lastKnownFileType = sourcecode.swift; path = HomeTileView.swift; sourceTree = "<group>"; };
		56D7B0CF2AF4BE97002B65DD /* Property.swift */ = {isa = PBXFileReference; lastKnownFileType = sourcecode.swift; path = Property.swift; sourceTree = "<group>"; };
		56D7B0D12AF74E09002B65DD /* Colors.swift */ = {isa = PBXFileReference; lastKnownFileType = sourcecode.swift; path = Colors.swift; sourceTree = "<group>"; };
		56D7B0D42AF8CCE0002B65DD /* SettingsView.swift */ = {isa = PBXFileReference; lastKnownFileType = sourcecode.swift; path = SettingsView.swift; sourceTree = "<group>"; };
		56D7B0D82AF99B83002B65DD /* HomeMenuButtonView.swift */ = {isa = PBXFileReference; lastKnownFileType = sourcecode.swift; path = HomeMenuButtonView.swift; sourceTree = "<group>"; };
		56D7B0DA2AF99F25002B65DD /* NewPropertyView.swift */ = {isa = PBXFileReference; lastKnownFileType = sourcecode.swift; path = NewPropertyView.swift; sourceTree = "<group>"; };
		56D7B0DD2AFACF44002B65DD /* NewPropertySearchView.swift */ = {isa = PBXFileReference; lastKnownFileType = sourcecode.swift; path = NewPropertySearchView.swift; sourceTree = "<group>"; };
		56D7B0DF2AFC9C03002B65DD /* NewPropertyInfoView.swift */ = {isa = PBXFileReference; lastKnownFileType = sourcecode.swift; path = NewPropertyInfoView.swift; sourceTree = "<group>"; };
		56D7B0E12AFC9C9B002B65DD /* Location.swift */ = {isa = PBXFileReference; lastKnownFileType = sourcecode.swift; path = Location.swift; sourceTree = "<group>"; };
		56D7B0E62AFC9DB3002B65DD /* NewPropertySearchViewModel.swift */ = {isa = PBXFileReference; lastKnownFileType = sourcecode.swift; path = NewPropertySearchViewModel.swift; sourceTree = "<group>"; };
		56D7B0E82AFC9E19002B65DD /* AddressSearchResult.swift */ = {isa = PBXFileReference; lastKnownFileType = sourcecode.swift; path = AddressSearchResult.swift; sourceTree = "<group>"; };
		56D7B0EA2AFDC7AF002B65DD /* NewPropertyAddressView.swift */ = {isa = PBXFileReference; lastKnownFileType = sourcecode.swift; path = NewPropertyAddressView.swift; sourceTree = "<group>"; };
		56D7B0EC2AFE1A9A002B65DD /* CustomStepperView.swift */ = {isa = PBXFileReference; lastKnownFileType = sourcecode.swift; path = CustomStepperView.swift; sourceTree = "<group>"; };
		56D7B0EF2AFE1E5F002B65DD /* Constants.swift */ = {isa = PBXFileReference; lastKnownFileType = sourcecode.swift; path = Constants.swift; sourceTree = "<group>"; };
		56D7B0F12AFE2C25002B65DD /* PairButtonsView.swift */ = {isa = PBXFileReference; lastKnownFileType = sourcecode.swift; path = PairButtonsView.swift; sourceTree = "<group>"; };
		56E24E762AEE30CA005393C7 /* Localizable.strings */ = {isa = PBXFileReference; lastKnownFileType = text.plist.strings; path = Localizable.strings; sourceTree = "<group>"; };
		56E24E7B2AF2EFE5005393C7 /* String.swift */ = {isa = PBXFileReference; lastKnownFileType = sourcecode.swift; path = String.swift; sourceTree = "<group>"; };
		89B92C97B306D5AD425B48AB /* Pods-FriendBNB.release.xcconfig */ = {isa = PBXFileReference; includeInIndex = 1; lastKnownFileType = text.xcconfig; name = "Pods-FriendBNB.release.xcconfig"; path = "Target Support Files/Pods-FriendBNB/Pods-FriendBNB.release.xcconfig"; sourceTree = "<group>"; };
		A88517334A19E262D7241542 /* Pods-FriendBNB.debug.xcconfig */ = {isa = PBXFileReference; includeInIndex = 1; lastKnownFileType = text.xcconfig; name = "Pods-FriendBNB.debug.xcconfig"; path = "Target Support Files/Pods-FriendBNB/Pods-FriendBNB.debug.xcconfig"; sourceTree = "<group>"; };
		E19B548CCA72EEB2AD42091C /* Pods_FriendBNB.framework */ = {isa = PBXFileReference; explicitFileType = wrapper.framework; includeInIndex = 0; path = Pods_FriendBNB.framework; sourceTree = BUILT_PRODUCTS_DIR; };
/* End PBXFileReference section */

/* Begin PBXFrameworksBuildPhase section */
		565198392AA7DCF200866F0B /* Frameworks */ = {
			isa = PBXFrameworksBuildPhase;
			buildActionMask = 2147483647;
			files = (
				56D7B0F52AFEF5A9002B65DD /* FloatingPromptTextField in Frameworks */,
				1950532290672558B022FD94 /* Pods_FriendBNB.framework in Frameworks */,
			);
			runOnlyForDeploymentPostprocessing = 0;
		};
		565198492AA7DCF200866F0B /* Frameworks */ = {
			isa = PBXFrameworksBuildPhase;
			buildActionMask = 2147483647;
			files = (
			);
			runOnlyForDeploymentPostprocessing = 0;
		};
		565198532AA7DCF200866F0B /* Frameworks */ = {
			isa = PBXFrameworksBuildPhase;
			buildActionMask = 2147483647;
			files = (
			);
			runOnlyForDeploymentPostprocessing = 0;
		};
/* End PBXFrameworksBuildPhase section */

/* Begin PBXGroup section */
		19F9CF8370B9BF8086BD8348 /* Pods */ = {
			isa = PBXGroup;
			children = (
				A88517334A19E262D7241542 /* Pods-FriendBNB.debug.xcconfig */,
				89B92C97B306D5AD425B48AB /* Pods-FriendBNB.release.xcconfig */,
			);
			path = Pods;
			sourceTree = "<group>";
		};
		565198332AA7DCF200866F0B = {
			isa = PBXGroup;
			children = (
				5651983E2AA7DCF200866F0B /* FriendBNB */,
				5651984F2AA7DCF200866F0B /* FriendBNBTests */,
				565198592AA7DCF200866F0B /* FriendBNBUITests */,
				5651983D2AA7DCF200866F0B /* Products */,
				19F9CF8370B9BF8086BD8348 /* Pods */,
				8ECBAA43417074F06F03BB69 /* Frameworks */,
			);
			sourceTree = "<group>";
		};
		5651983D2AA7DCF200866F0B /* Products */ = {
			isa = PBXGroup;
			children = (
				5651983C2AA7DCF200866F0B /* FriendBNB.app */,
				5651984C2AA7DCF200866F0B /* FriendBNBTests.xctest */,
				565198562AA7DCF200866F0B /* FriendBNBUITests.xctest */,
			);
			name = Products;
			sourceTree = "<group>";
		};
		5651983E2AA7DCF200866F0B /* FriendBNB */ = {
			isa = PBXGroup;
			children = (
				56D7B0C32AF2F630002B65DD /* .swiftlint.yml */,
				56E24E792AF2EF92005393C7 /* Utility */,
				56E24E722AEE2E6E005393C7 /* Features */,
				569A8FEB2AA82DCD003B3A44 /* Info.plist */,
				5651986B2AA7DE8100866F0B /* GoogleService-Info.plist */,
				5651983F2AA7DCF200866F0B /* FriendBNBApp.swift */,
				565198432AA7DCF200866F0B /* Colors.xcassets */,
				565198452AA7DCF200866F0B /* Preview Content */,
				56E24E762AEE30CA005393C7 /* Localizable.strings */,
				56D7B0C72AF2FB95002B65DD /* RootView.swift */,
			);
			path = FriendBNB;
			sourceTree = "<group>";
		};
		565198452AA7DCF200866F0B /* Preview Content */ = {
			isa = PBXGroup;
			children = (
				565198462AA7DCF200866F0B /* Preview Assets.xcassets */,
			);
			path = "Preview Content";
			sourceTree = "<group>";
		};
		5651984F2AA7DCF200866F0B /* FriendBNBTests */ = {
			isa = PBXGroup;
			children = (
				565198502AA7DCF200866F0B /* FriendBNBTests.swift */,
			);
			path = FriendBNBTests;
			sourceTree = "<group>";
		};
		565198592AA7DCF200866F0B /* FriendBNBUITests */ = {
			isa = PBXGroup;
			children = (
				5651985A2AA7DCF200866F0B /* FriendBNBUITests.swift */,
				5651985C2AA7DCF200866F0B /* FriendBNBUITestsLaunchTests.swift */,
			);
			path = FriendBNBUITests;
			sourceTree = "<group>";
		};
		565A46552AFF453500D67A03 /* Add Property */ = {
			isa = PBXGroup;
			children = (
				565A46562AFF454400D67A03 /* AddPropertyView.swift */,
			);
			path = "Add Property";
			sourceTree = "<group>";
		};
		565A46582AFF55A300D67A03 /* Modifiers */ = {
			isa = PBXGroup;
			children = (
			);
			path = Modifiers;
			sourceTree = "<group>";
		};
		565A465F2B00140E00D67A03 /* Property Detail */ = {
			isa = PBXGroup;
			children = (
				565A46602B00145400D67A03 /* PropertyDetailView.swift */,
				565A46732B02E55700D67A03 /* PropertyDetailSettingsView.swift */,
				565A46772B03583A00D67A03 /* PropertyDetailManager.swift */,
			);
			path = "Property Detail";
			sourceTree = "<group>";
		};
		565A46702B02DA8700D67A03 /* Search */ = {
			isa = PBXGroup;
			children = (
				56D7B0E62AFC9DB3002B65DD /* NewPropertySearchViewModel.swift */,
				56D7B0DD2AFACF44002B65DD /* NewPropertySearchView.swift */,
			);
			path = Search;
			sourceTree = "<group>";
		};
		565A46792B0363A100D67A03 /* Booking */ = {
			isa = PBXGroup;
			children = (
				565A46622B00A11700D67A03 /* CalendarView.swift */,
				565A46682B00AB2600D67A03 /* CalendarCellView.swift */,
				565A467A2B0363C200D67A03 /* BookingView.swift */,
			);
			path = Booking;
			sourceTree = "<group>";
		};
		56D7B0C92AF358B5002B65DD /* Home */ = {
			isa = PBXGroup;
			children = (
				565A466E2B02D4D100D67A03 /* HomeManager.swift */,
				56D7B0CA2AF358BF002B65DD /* HomeView.swift */,
				56D7B0CD2AF4BD92002B65DD /* HomeTileView.swift */,
				56D7B0D82AF99B83002B65DD /* HomeMenuButtonView.swift */,
				565A465D2B00118600D67A03 /* HomeEmptyView.swift */,
			);
			path = Home;
			sourceTree = "<group>";
		};
		56D7B0D32AF8CCCD002B65DD /* Settings */ = {
			isa = PBXGroup;
			children = (
				56D7B0D42AF8CCE0002B65DD /* SettingsView.swift */,
			);
			path = Settings;
			sourceTree = "<group>";
		};
		56D7B0DC2AF9B012002B65DD /* New Property */ = {
			isa = PBXGroup;
			children = (
				56D7B0DA2AF99F25002B65DD /* NewPropertyView.swift */,
				56D7B0DF2AFC9C03002B65DD /* NewPropertyInfoView.swift */,
				56D7B0EA2AFDC7AF002B65DD /* NewPropertyAddressView.swift */,
				565A46702B02DA8700D67A03 /* Search */,
				56D7B0E42AFC9CAA002B65DD /* Views */,
				56D7B0E32AFC9CA1002B65DD /* Models */,
				565A46712B02DAD600D67A03 /* NewPropertyManager.swift */,
			);
			path = "New Property";
			sourceTree = "<group>";
		};
		56D7B0E32AFC9CA1002B65DD /* Models */ = {
			isa = PBXGroup;
			children = (
				56D7B0E12AFC9C9B002B65DD /* Location.swift */,
				56D7B0E82AFC9E19002B65DD /* AddressSearchResult.swift */,
				565A46532AFF031300D67A03 /* NewPropertyInfo.swift */,
			);
			path = Models;
			sourceTree = "<group>";
		};
		56D7B0E42AFC9CAA002B65DD /* Views */ = {
			isa = PBXGroup;
			children = (
				56D7B0F12AFE2C25002B65DD /* PairButtonsView.swift */,
			);
			path = Views;
			sourceTree = "<group>";
		};
		56D7B0EE2AFE1E41002B65DD /* Views */ = {
			isa = PBXGroup;
			children = (
				56D7B0EC2AFE1A9A002B65DD /* CustomStepperView.swift */,
				565A465B2AFF571800D67A03 /* StyledFloatingTextField.swift */,
			);
			path = Views;
			sourceTree = "<group>";
		};
		56E24E722AEE2E6E005393C7 /* Features */ = {
			isa = PBXGroup;
			children = (
				565A46792B0363A100D67A03 /* Booking */,
				565A465F2B00140E00D67A03 /* Property Detail */,
				565A46552AFF453500D67A03 /* Add Property */,
				56D7B0DC2AF9B012002B65DD /* New Property */,
				56D7B0D32AF8CCCD002B65DD /* Settings */,
				56D7B0C92AF358B5002B65DD /* Home */,
				56E24E732AEE2E77005393C7 /* Login */,
				56D7B0CF2AF4BE97002B65DD /* Property.swift */,
				565A466A2B00B88700D67A03 /* Booking.swift */,
			);
			path = Features;
			sourceTree = "<group>";
		};
		56E24E732AEE2E77005393C7 /* Login */ = {
			isa = PBXGroup;
			children = (
				565198412AA7DCF200866F0B /* LoginView.swift */,
			);
			path = Login;
			sourceTree = "<group>";
		};
		56E24E792AF2EF92005393C7 /* Utility */ = {
			isa = PBXGroup;
			children = (
				565A46582AFF55A300D67A03 /* Modifiers */,
				56D7B0EE2AFE1E41002B65DD /* Views */,
				56E24E7A2AF2EFD3005393C7 /* Extensions */,
				56D7B0EF2AFE1E5F002B65DD /* Constants.swift */,
				565A46662B00A69E00D67A03 /* CalendarHelper.swift */,
			);
			path = Utility;
			sourceTree = "<group>";
		};
		56E24E7A2AF2EFD3005393C7 /* Extensions */ = {
			isa = PBXGroup;
			children = (
				56D7B0D12AF74E09002B65DD /* Colors.swift */,
				56E24E7B2AF2EFE5005393C7 /* String.swift */,
				565A466C2B00C70600D67A03 /* Date.swift */,
				565A46752B0355C500D67A03 /* View.swift */,
			);
			path = Extensions;
			sourceTree = "<group>";
		};
		8ECBAA43417074F06F03BB69 /* Frameworks */ = {
			isa = PBXGroup;
			children = (
				E19B548CCA72EEB2AD42091C /* Pods_FriendBNB.framework */,
			);
			name = Frameworks;
			sourceTree = "<group>";
		};
/* End PBXGroup section */

/* Begin PBXNativeTarget section */
		5651983B2AA7DCF200866F0B /* FriendBNB */ = {
			isa = PBXNativeTarget;
			buildConfigurationList = 565198602AA7DCF200866F0B /* Build configuration list for PBXNativeTarget "FriendBNB" */;
			buildPhases = (
				08BA08A9FEAE7BF8E563399D /* [CP] Check Pods Manifest.lock */,
				565198382AA7DCF200866F0B /* Sources */,
				565198392AA7DCF200866F0B /* Frameworks */,
				5651983A2AA7DCF200866F0B /* Resources */,
				19F3D67DDDB123131DE5F0F5 /* [CP] Embed Pods Frameworks */,
				56E24E782AEE3620005393C7 /* SwiftLint */,
			);
			buildRules = (
			);
			dependencies = (
			);
			name = FriendBNB;
			packageProductDependencies = (
				56D7B0F42AFEF5A9002B65DD /* FloatingPromptTextField */,
			);
			productName = FriendBNB;
			productReference = 5651983C2AA7DCF200866F0B /* FriendBNB.app */;
			productType = "com.apple.product-type.application";
		};
		5651984B2AA7DCF200866F0B /* FriendBNBTests */ = {
			isa = PBXNativeTarget;
			buildConfigurationList = 565198632AA7DCF200866F0B /* Build configuration list for PBXNativeTarget "FriendBNBTests" */;
			buildPhases = (
				565198482AA7DCF200866F0B /* Sources */,
				565198492AA7DCF200866F0B /* Frameworks */,
				5651984A2AA7DCF200866F0B /* Resources */,
			);
			buildRules = (
			);
			dependencies = (
				5651984E2AA7DCF200866F0B /* PBXTargetDependency */,
			);
			name = FriendBNBTests;
			productName = FriendBNBTests;
			productReference = 5651984C2AA7DCF200866F0B /* FriendBNBTests.xctest */;
			productType = "com.apple.product-type.bundle.unit-test";
		};
		565198552AA7DCF200866F0B /* FriendBNBUITests */ = {
			isa = PBXNativeTarget;
			buildConfigurationList = 565198662AA7DCF200866F0B /* Build configuration list for PBXNativeTarget "FriendBNBUITests" */;
			buildPhases = (
				565198522AA7DCF200866F0B /* Sources */,
				565198532AA7DCF200866F0B /* Frameworks */,
				565198542AA7DCF200866F0B /* Resources */,
			);
			buildRules = (
			);
			dependencies = (
				565198582AA7DCF200866F0B /* PBXTargetDependency */,
			);
			name = FriendBNBUITests;
			productName = FriendBNBUITests;
			productReference = 565198562AA7DCF200866F0B /* FriendBNBUITests.xctest */;
			productType = "com.apple.product-type.bundle.ui-testing";
		};
/* End PBXNativeTarget section */

/* Begin PBXProject section */
		565198342AA7DCF200866F0B /* Project object */ = {
			isa = PBXProject;
			attributes = {
				BuildIndependentTargetsInParallel = 1;
				LastSwiftUpdateCheck = 1420;
				LastUpgradeCheck = 1420;
				TargetAttributes = {
					5651983B2AA7DCF200866F0B = {
						CreatedOnToolsVersion = 14.2;
					};
					5651984B2AA7DCF200866F0B = {
						CreatedOnToolsVersion = 14.2;
						TestTargetID = 5651983B2AA7DCF200866F0B;
					};
					565198552AA7DCF200866F0B = {
						CreatedOnToolsVersion = 14.2;
						TestTargetID = 5651983B2AA7DCF200866F0B;
					};
				};
			};
			buildConfigurationList = 565198372AA7DCF200866F0B /* Build configuration list for PBXProject "FriendBNB" */;
			compatibilityVersion = "Xcode 14.0";
			developmentRegion = en;
			hasScannedForEncodings = 0;
			knownRegions = (
				en,
				Base,
			);
			mainGroup = 565198332AA7DCF200866F0B;
			packageReferences = (
				56D7B0F32AFEF5A9002B65DD /* XCRemoteSwiftPackageReference "FloatingPromptTextField" */,
			);
			productRefGroup = 5651983D2AA7DCF200866F0B /* Products */;
			projectDirPath = "";
			projectRoot = "";
			targets = (
				5651983B2AA7DCF200866F0B /* FriendBNB */,
				5651984B2AA7DCF200866F0B /* FriendBNBTests */,
				565198552AA7DCF200866F0B /* FriendBNBUITests */,
			);
		};
/* End PBXProject section */

/* Begin PBXResourcesBuildPhase section */
		5651983A2AA7DCF200866F0B /* Resources */ = {
			isa = PBXResourcesBuildPhase;
			buildActionMask = 2147483647;
			files = (
				56D7B0C42AF2F630002B65DD /* .swiftlint.yml in Resources */,
				565198472AA7DCF200866F0B /* Preview Assets.xcassets in Resources */,
				56E24E772AEE30CA005393C7 /* Localizable.strings in Resources */,
				565198442AA7DCF200866F0B /* Colors.xcassets in Resources */,
				5651986C2AA7DE8100866F0B /* GoogleService-Info.plist in Resources */,
			);
			runOnlyForDeploymentPostprocessing = 0;
		};
		5651984A2AA7DCF200866F0B /* Resources */ = {
			isa = PBXResourcesBuildPhase;
			buildActionMask = 2147483647;
			files = (
				5651986D2AA7DE8100866F0B /* GoogleService-Info.plist in Resources */,
			);
			runOnlyForDeploymentPostprocessing = 0;
		};
		565198542AA7DCF200866F0B /* Resources */ = {
			isa = PBXResourcesBuildPhase;
			buildActionMask = 2147483647;
			files = (
				5651986E2AA7DE8100866F0B /* GoogleService-Info.plist in Resources */,
			);
			runOnlyForDeploymentPostprocessing = 0;
		};
/* End PBXResourcesBuildPhase section */

/* Begin PBXShellScriptBuildPhase section */
		08BA08A9FEAE7BF8E563399D /* [CP] Check Pods Manifest.lock */ = {
			isa = PBXShellScriptBuildPhase;
			buildActionMask = 2147483647;
			files = (
			);
			inputFileListPaths = (
			);
			inputPaths = (
				"${PODS_PODFILE_DIR_PATH}/Podfile.lock",
				"${PODS_ROOT}/Manifest.lock",
			);
			name = "[CP] Check Pods Manifest.lock";
			outputFileListPaths = (
			);
			outputPaths = (
				"$(DERIVED_FILE_DIR)/Pods-FriendBNB-checkManifestLockResult.txt",
			);
			runOnlyForDeploymentPostprocessing = 0;
			shellPath = /bin/sh;
			shellScript = "diff \"${PODS_PODFILE_DIR_PATH}/Podfile.lock\" \"${PODS_ROOT}/Manifest.lock\" > /dev/null\nif [ $? != 0 ] ; then\n    # print error to STDERR\n    echo \"error: The sandbox is not in sync with the Podfile.lock. Run 'pod install' or update your CocoaPods installation.\" >&2\n    exit 1\nfi\n# This output is used by Xcode 'outputs' to avoid re-running this script phase.\necho \"SUCCESS\" > \"${SCRIPT_OUTPUT_FILE_0}\"\n";
			showEnvVarsInLog = 0;
		};
		19F3D67DDDB123131DE5F0F5 /* [CP] Embed Pods Frameworks */ = {
			isa = PBXShellScriptBuildPhase;
			buildActionMask = 2147483647;
			files = (
			);
			inputFileListPaths = (
				"${PODS_ROOT}/Target Support Files/Pods-FriendBNB/Pods-FriendBNB-frameworks-${CONFIGURATION}-input-files.xcfilelist",
			);
			name = "[CP] Embed Pods Frameworks";
			outputFileListPaths = (
				"${PODS_ROOT}/Target Support Files/Pods-FriendBNB/Pods-FriendBNB-frameworks-${CONFIGURATION}-output-files.xcfilelist",
			);
			runOnlyForDeploymentPostprocessing = 0;
			shellPath = /bin/sh;
			shellScript = "\"${PODS_ROOT}/Target Support Files/Pods-FriendBNB/Pods-FriendBNB-frameworks.sh\"\n";
			showEnvVarsInLog = 0;
		};
		56E24E782AEE3620005393C7 /* SwiftLint */ = {
			isa = PBXShellScriptBuildPhase;
			alwaysOutOfDate = 1;
			buildActionMask = 2147483647;
			files = (
			);
			inputFileListPaths = (
			);
			inputPaths = (
			);
			name = SwiftLint;
			outputFileListPaths = (
			);
			outputPaths = (
			);
			runOnlyForDeploymentPostprocessing = 0;
			shellPath = /bin/sh;
			shellScript = "\"${PODS_ROOT}/SwiftLint/swiftlint\" --config \"$SRCROOT/.swiftlint.yml\"\n\n";
		};
/* End PBXShellScriptBuildPhase section */

/* Begin PBXSourcesBuildPhase section */
		565198382AA7DCF200866F0B /* Sources */ = {
			isa = PBXSourcesBuildPhase;
			buildActionMask = 2147483647;
			files = (
				565A46742B02E55700D67A03 /* PropertyDetailSettingsView.swift in Sources */,
				56D7B0DB2AF99F25002B65DD /* NewPropertyView.swift in Sources */,
				565A466F2B02D4D100D67A03 /* HomeManager.swift in Sources */,
				565A466D2B00C70600D67A03 /* Date.swift in Sources */,
				565A46762B0355C500D67A03 /* View.swift in Sources */,
				565A465E2B00118600D67A03 /* HomeEmptyView.swift in Sources */,
				565A46782B03583A00D67A03 /* PropertyDetailManager.swift in Sources */,
				56D7B0E72AFC9DB3002B65DD /* NewPropertySearchViewModel.swift in Sources */,
				565A465C2AFF571800D67A03 /* StyledFloatingTextField.swift in Sources */,
				56D7B0D02AF4BE97002B65DD /* Property.swift in Sources */,
				56D7B0C82AF2FB95002B65DD /* RootView.swift in Sources */,
				565A46632B00A11700D67A03 /* CalendarView.swift in Sources */,
				565A467B2B0363C200D67A03 /* BookingView.swift in Sources */,
				56E24E7C2AF2EFE5005393C7 /* String.swift in Sources */,
				565A46612B00145400D67A03 /* PropertyDetailView.swift in Sources */,
				565A46692B00AB2600D67A03 /* CalendarCellView.swift in Sources */,
				565A46572AFF454400D67A03 /* AddPropertyView.swift in Sources */,
				56D7B0D52AF8CCE0002B65DD /* SettingsView.swift in Sources */,
				56D7B0F22AFE2C25002B65DD /* PairButtonsView.swift in Sources */,
				56D7B0DE2AFACF44002B65DD /* NewPropertySearchView.swift in Sources */,
				56D7B0E22AFC9C9B002B65DD /* Location.swift in Sources */,
				565A46542AFF031300D67A03 /* NewPropertyInfo.swift in Sources */,
				565198422AA7DCF200866F0B /* LoginView.swift in Sources */,
				56D7B0ED2AFE1A9A002B65DD /* CustomStepperView.swift in Sources */,
				56D7B0CE2AF4BD92002B65DD /* HomeTileView.swift in Sources */,
				56D7B0D22AF74E09002B65DD /* Colors.swift in Sources */,
				56D7B0D92AF99B83002B65DD /* HomeMenuButtonView.swift in Sources */,
				56D7B0EB2AFDC7AF002B65DD /* NewPropertyAddressView.swift in Sources */,
				56D7B0E02AFC9C03002B65DD /* NewPropertyInfoView.swift in Sources */,
				56D7B0CB2AF358BF002B65DD /* HomeView.swift in Sources */,
				565198402AA7DCF200866F0B /* FriendBNBApp.swift in Sources */,
				56D7B0F02AFE1E5F002B65DD /* Constants.swift in Sources */,
				56D7B0E92AFC9E19002B65DD /* AddressSearchResult.swift in Sources */,
				565A46722B02DAD600D67A03 /* NewPropertyManager.swift in Sources */,
				565A46672B00A69E00D67A03 /* CalendarHelper.swift in Sources */,
				565A466B2B00B88700D67A03 /* Booking.swift in Sources */,
			);
			runOnlyForDeploymentPostprocessing = 0;
		};
		565198482AA7DCF200866F0B /* Sources */ = {
			isa = PBXSourcesBuildPhase;
			buildActionMask = 2147483647;
			files = (
				565198512AA7DCF200866F0B /* FriendBNBTests.swift in Sources */,
			);
			runOnlyForDeploymentPostprocessing = 0;
		};
		565198522AA7DCF200866F0B /* Sources */ = {
			isa = PBXSourcesBuildPhase;
			buildActionMask = 2147483647;
			files = (
				5651985B2AA7DCF200866F0B /* FriendBNBUITests.swift in Sources */,
				5651985D2AA7DCF200866F0B /* FriendBNBUITestsLaunchTests.swift in Sources */,
			);
			runOnlyForDeploymentPostprocessing = 0;
		};
/* End PBXSourcesBuildPhase section */

/* Begin PBXTargetDependency section */
		5651984E2AA7DCF200866F0B /* PBXTargetDependency */ = {
			isa = PBXTargetDependency;
			target = 5651983B2AA7DCF200866F0B /* FriendBNB */;
			targetProxy = 5651984D2AA7DCF200866F0B /* PBXContainerItemProxy */;
		};
		565198582AA7DCF200866F0B /* PBXTargetDependency */ = {
			isa = PBXTargetDependency;
			target = 5651983B2AA7DCF200866F0B /* FriendBNB */;
			targetProxy = 565198572AA7DCF200866F0B /* PBXContainerItemProxy */;
		};
/* End PBXTargetDependency section */

/* Begin XCBuildConfiguration section */
		5651985E2AA7DCF200866F0B /* Debug */ = {
			isa = XCBuildConfiguration;
			buildSettings = {
				ALWAYS_SEARCH_USER_PATHS = NO;
				CLANG_ANALYZER_NONNULL = YES;
				CLANG_ANALYZER_NUMBER_OBJECT_CONVERSION = YES_AGGRESSIVE;
				CLANG_CXX_LANGUAGE_STANDARD = "gnu++20";
				CLANG_ENABLE_MODULES = YES;
				CLANG_ENABLE_OBJC_ARC = YES;
				CLANG_ENABLE_OBJC_WEAK = YES;
				CLANG_WARN_BLOCK_CAPTURE_AUTORELEASING = YES;
				CLANG_WARN_BOOL_CONVERSION = YES;
				CLANG_WARN_COMMA = YES;
				CLANG_WARN_CONSTANT_CONVERSION = YES;
				CLANG_WARN_DEPRECATED_OBJC_IMPLEMENTATIONS = YES;
				CLANG_WARN_DIRECT_OBJC_ISA_USAGE = YES_ERROR;
				CLANG_WARN_DOCUMENTATION_COMMENTS = YES;
				CLANG_WARN_EMPTY_BODY = YES;
				CLANG_WARN_ENUM_CONVERSION = YES;
				CLANG_WARN_INFINITE_RECURSION = YES;
				CLANG_WARN_INT_CONVERSION = YES;
				CLANG_WARN_NON_LITERAL_NULL_CONVERSION = YES;
				CLANG_WARN_OBJC_IMPLICIT_RETAIN_SELF = YES;
				CLANG_WARN_OBJC_LITERAL_CONVERSION = YES;
				CLANG_WARN_OBJC_ROOT_CLASS = YES_ERROR;
				CLANG_WARN_QUOTED_INCLUDE_IN_FRAMEWORK_HEADER = YES;
				CLANG_WARN_RANGE_LOOP_ANALYSIS = YES;
				CLANG_WARN_STRICT_PROTOTYPES = YES;
				CLANG_WARN_SUSPICIOUS_MOVE = YES;
				CLANG_WARN_UNGUARDED_AVAILABILITY = YES_AGGRESSIVE;
				CLANG_WARN_UNREACHABLE_CODE = YES;
				CLANG_WARN__DUPLICATE_METHOD_MATCH = YES;
				COPY_PHASE_STRIP = NO;
				DEBUG_INFORMATION_FORMAT = dwarf;
				ENABLE_STRICT_OBJC_MSGSEND = YES;
				ENABLE_TESTABILITY = YES;
				GCC_C_LANGUAGE_STANDARD = gnu11;
				GCC_DYNAMIC_NO_PIC = NO;
				GCC_NO_COMMON_BLOCKS = YES;
				GCC_OPTIMIZATION_LEVEL = 0;
				GCC_PREPROCESSOR_DEFINITIONS = (
					"DEBUG=1",
					"$(inherited)",
				);
				GCC_WARN_64_TO_32_BIT_CONVERSION = YES;
				GCC_WARN_ABOUT_RETURN_TYPE = YES_ERROR;
				GCC_WARN_UNDECLARED_SELECTOR = YES;
				GCC_WARN_UNINITIALIZED_AUTOS = YES_AGGRESSIVE;
				GCC_WARN_UNUSED_FUNCTION = YES;
				GCC_WARN_UNUSED_VARIABLE = YES;
				IPHONEOS_DEPLOYMENT_TARGET = 16.0;
				MTL_ENABLE_DEBUG_INFO = INCLUDE_SOURCE;
				MTL_FAST_MATH = YES;
				ONLY_ACTIVE_ARCH = YES;
				SDKROOT = iphoneos;
				SWIFT_ACTIVE_COMPILATION_CONDITIONS = DEBUG;
				SWIFT_OPTIMIZATION_LEVEL = "-Onone";
			};
			name = Debug;
		};
		5651985F2AA7DCF200866F0B /* Release */ = {
			isa = XCBuildConfiguration;
			buildSettings = {
				ALWAYS_SEARCH_USER_PATHS = NO;
				CLANG_ANALYZER_NONNULL = YES;
				CLANG_ANALYZER_NUMBER_OBJECT_CONVERSION = YES_AGGRESSIVE;
				CLANG_CXX_LANGUAGE_STANDARD = "gnu++20";
				CLANG_ENABLE_MODULES = YES;
				CLANG_ENABLE_OBJC_ARC = YES;
				CLANG_ENABLE_OBJC_WEAK = YES;
				CLANG_WARN_BLOCK_CAPTURE_AUTORELEASING = YES;
				CLANG_WARN_BOOL_CONVERSION = YES;
				CLANG_WARN_COMMA = YES;
				CLANG_WARN_CONSTANT_CONVERSION = YES;
				CLANG_WARN_DEPRECATED_OBJC_IMPLEMENTATIONS = YES;
				CLANG_WARN_DIRECT_OBJC_ISA_USAGE = YES_ERROR;
				CLANG_WARN_DOCUMENTATION_COMMENTS = YES;
				CLANG_WARN_EMPTY_BODY = YES;
				CLANG_WARN_ENUM_CONVERSION = YES;
				CLANG_WARN_INFINITE_RECURSION = YES;
				CLANG_WARN_INT_CONVERSION = YES;
				CLANG_WARN_NON_LITERAL_NULL_CONVERSION = YES;
				CLANG_WARN_OBJC_IMPLICIT_RETAIN_SELF = YES;
				CLANG_WARN_OBJC_LITERAL_CONVERSION = YES;
				CLANG_WARN_OBJC_ROOT_CLASS = YES_ERROR;
				CLANG_WARN_QUOTED_INCLUDE_IN_FRAMEWORK_HEADER = YES;
				CLANG_WARN_RANGE_LOOP_ANALYSIS = YES;
				CLANG_WARN_STRICT_PROTOTYPES = YES;
				CLANG_WARN_SUSPICIOUS_MOVE = YES;
				CLANG_WARN_UNGUARDED_AVAILABILITY = YES_AGGRESSIVE;
				CLANG_WARN_UNREACHABLE_CODE = YES;
				CLANG_WARN__DUPLICATE_METHOD_MATCH = YES;
				COPY_PHASE_STRIP = NO;
				DEBUG_INFORMATION_FORMAT = "dwarf-with-dsym";
				ENABLE_NS_ASSERTIONS = NO;
				ENABLE_STRICT_OBJC_MSGSEND = YES;
				GCC_C_LANGUAGE_STANDARD = gnu11;
				GCC_NO_COMMON_BLOCKS = YES;
				GCC_WARN_64_TO_32_BIT_CONVERSION = YES;
				GCC_WARN_ABOUT_RETURN_TYPE = YES_ERROR;
				GCC_WARN_UNDECLARED_SELECTOR = YES;
				GCC_WARN_UNINITIALIZED_AUTOS = YES_AGGRESSIVE;
				GCC_WARN_UNUSED_FUNCTION = YES;
				GCC_WARN_UNUSED_VARIABLE = YES;
				IPHONEOS_DEPLOYMENT_TARGET = 16.0;
				MTL_ENABLE_DEBUG_INFO = NO;
				MTL_FAST_MATH = YES;
				SDKROOT = iphoneos;
				SWIFT_COMPILATION_MODE = wholemodule;
				SWIFT_OPTIMIZATION_LEVEL = "-O";
				VALIDATE_PRODUCT = YES;
			};
			name = Release;
		};
		565198612AA7DCF200866F0B /* Debug */ = {
			isa = XCBuildConfiguration;
			baseConfigurationReference = A88517334A19E262D7241542 /* Pods-FriendBNB.debug.xcconfig */;
			buildSettings = {
				ASSETCATALOG_COMPILER_APPICON_NAME = AppIcon;
				ASSETCATALOG_COMPILER_GLOBAL_ACCENT_COLOR_NAME = AccentColor;
				CODE_SIGN_STYLE = Automatic;
				CURRENT_PROJECT_VERSION = 1;
				DEVELOPMENT_ASSET_PATHS = "\"FriendBNB/Preview Content\"";
				DEVELOPMENT_TEAM = Z4H6YA468R;
				ENABLE_PREVIEWS = YES;
				GENERATE_INFOPLIST_FILE = YES;
				INFOPLIST_FILE = FriendBNB/Info.plist;
				INFOPLIST_KEY_UIApplicationSceneManifest_Generation = YES;
				INFOPLIST_KEY_UIApplicationSupportsIndirectInputEvents = YES;
				INFOPLIST_KEY_UILaunchScreen_Generation = YES;
				INFOPLIST_KEY_UISupportedInterfaceOrientations = "UIInterfaceOrientationPortrait UIInterfaceOrientationPortraitUpsideDown";
				IPHONEOS_DEPLOYMENT_TARGET = 16.0;
				LD_RUNPATH_SEARCH_PATHS = (
					"$(inherited)",
					"@executable_path/Frameworks",
				);
				MARKETING_VERSION = 1.0;
				PRODUCT_BUNDLE_IDENTIFIER = com.baboo.FriendBNB;
				PRODUCT_NAME = "$(TARGET_NAME)";
				SUPPORTED_PLATFORMS = "iphoneos iphonesimulator";
				SUPPORTS_MACCATALYST = NO;
				SUPPORTS_MAC_DESIGNED_FOR_IPHONE_IPAD = NO;
				SWIFT_EMIT_LOC_STRINGS = YES;
				SWIFT_VERSION = 5.0;
				TARGETED_DEVICE_FAMILY = "1,2";
			};
			name = Debug;
		};
		565198622AA7DCF200866F0B /* Release */ = {
			isa = XCBuildConfiguration;
			baseConfigurationReference = 89B92C97B306D5AD425B48AB /* Pods-FriendBNB.release.xcconfig */;
			buildSettings = {
				ASSETCATALOG_COMPILER_APPICON_NAME = AppIcon;
				ASSETCATALOG_COMPILER_GLOBAL_ACCENT_COLOR_NAME = AccentColor;
				CODE_SIGN_STYLE = Automatic;
				CURRENT_PROJECT_VERSION = 1;
				DEVELOPMENT_ASSET_PATHS = "\"FriendBNB/Preview Content\"";
				DEVELOPMENT_TEAM = Z4H6YA468R;
				ENABLE_PREVIEWS = YES;
				GENERATE_INFOPLIST_FILE = YES;
				INFOPLIST_FILE = FriendBNB/Info.plist;
				INFOPLIST_KEY_UIApplicationSceneManifest_Generation = YES;
				INFOPLIST_KEY_UIApplicationSupportsIndirectInputEvents = YES;
				INFOPLIST_KEY_UILaunchScreen_Generation = YES;
				INFOPLIST_KEY_UISupportedInterfaceOrientations = "UIInterfaceOrientationPortrait UIInterfaceOrientationPortraitUpsideDown";
				IPHONEOS_DEPLOYMENT_TARGET = 16.0;
				LD_RUNPATH_SEARCH_PATHS = (
					"$(inherited)",
					"@executable_path/Frameworks",
				);
				MARKETING_VERSION = 1.0;
				PRODUCT_BUNDLE_IDENTIFIER = com.baboo.FriendBNB;
				PRODUCT_NAME = "$(TARGET_NAME)";
				SUPPORTED_PLATFORMS = "iphoneos iphonesimulator";
				SUPPORTS_MACCATALYST = NO;
				SUPPORTS_MAC_DESIGNED_FOR_IPHONE_IPAD = NO;
				SWIFT_EMIT_LOC_STRINGS = YES;
				SWIFT_VERSION = 5.0;
				TARGETED_DEVICE_FAMILY = "1,2";
			};
			name = Release;
		};
		565198642AA7DCF200866F0B /* Debug */ = {
			isa = XCBuildConfiguration;
			buildSettings = {
				ALWAYS_EMBED_SWIFT_STANDARD_LIBRARIES = YES;
				BUNDLE_LOADER = "$(TEST_HOST)";
				CODE_SIGN_STYLE = Automatic;
				CURRENT_PROJECT_VERSION = 1;
				DEVELOPMENT_TEAM = Z4H6YA468R;
				GENERATE_INFOPLIST_FILE = YES;
				IPHONEOS_DEPLOYMENT_TARGET = 16.2;
				MARKETING_VERSION = 1.0;
				PRODUCT_BUNDLE_IDENTIFIER = com.baboo.FriendBNBTests;
				PRODUCT_NAME = "$(TARGET_NAME)";
				SWIFT_EMIT_LOC_STRINGS = NO;
				SWIFT_VERSION = 5.0;
				TARGETED_DEVICE_FAMILY = "1,2";
				TEST_HOST = "$(BUILT_PRODUCTS_DIR)/FriendBNB.app/$(BUNDLE_EXECUTABLE_FOLDER_PATH)/FriendBNB";
			};
			name = Debug;
		};
		565198652AA7DCF200866F0B /* Release */ = {
			isa = XCBuildConfiguration;
			buildSettings = {
				ALWAYS_EMBED_SWIFT_STANDARD_LIBRARIES = YES;
				BUNDLE_LOADER = "$(TEST_HOST)";
				CODE_SIGN_STYLE = Automatic;
				CURRENT_PROJECT_VERSION = 1;
				DEVELOPMENT_TEAM = Z4H6YA468R;
				GENERATE_INFOPLIST_FILE = YES;
				IPHONEOS_DEPLOYMENT_TARGET = 16.2;
				MARKETING_VERSION = 1.0;
				PRODUCT_BUNDLE_IDENTIFIER = com.baboo.FriendBNBTests;
				PRODUCT_NAME = "$(TARGET_NAME)";
				SWIFT_EMIT_LOC_STRINGS = NO;
				SWIFT_VERSION = 5.0;
				TARGETED_DEVICE_FAMILY = "1,2";
				TEST_HOST = "$(BUILT_PRODUCTS_DIR)/FriendBNB.app/$(BUNDLE_EXECUTABLE_FOLDER_PATH)/FriendBNB";
			};
			name = Release;
		};
		565198672AA7DCF200866F0B /* Debug */ = {
			isa = XCBuildConfiguration;
			buildSettings = {
				ALWAYS_EMBED_SWIFT_STANDARD_LIBRARIES = YES;
				CODE_SIGN_STYLE = Automatic;
				CURRENT_PROJECT_VERSION = 1;
				DEVELOPMENT_TEAM = Z4H6YA468R;
				GENERATE_INFOPLIST_FILE = YES;
				MARKETING_VERSION = 1.0;
				PRODUCT_BUNDLE_IDENTIFIER = com.baboo.FriendBNBUITests;
				PRODUCT_NAME = "$(TARGET_NAME)";
				SWIFT_EMIT_LOC_STRINGS = NO;
				SWIFT_VERSION = 5.0;
				TARGETED_DEVICE_FAMILY = "1,2";
				TEST_TARGET_NAME = FriendBNB;
			};
			name = Debug;
		};
		565198682AA7DCF200866F0B /* Release */ = {
			isa = XCBuildConfiguration;
			buildSettings = {
				ALWAYS_EMBED_SWIFT_STANDARD_LIBRARIES = YES;
				CODE_SIGN_STYLE = Automatic;
				CURRENT_PROJECT_VERSION = 1;
				DEVELOPMENT_TEAM = Z4H6YA468R;
				GENERATE_INFOPLIST_FILE = YES;
				MARKETING_VERSION = 1.0;
				PRODUCT_BUNDLE_IDENTIFIER = com.baboo.FriendBNBUITests;
				PRODUCT_NAME = "$(TARGET_NAME)";
				SWIFT_EMIT_LOC_STRINGS = NO;
				SWIFT_VERSION = 5.0;
				TARGETED_DEVICE_FAMILY = "1,2";
				TEST_TARGET_NAME = FriendBNB;
			};
			name = Release;
		};
/* End XCBuildConfiguration section */

/* Begin XCConfigurationList section */
		565198372AA7DCF200866F0B /* Build configuration list for PBXProject "FriendBNB" */ = {
			isa = XCConfigurationList;
			buildConfigurations = (
				5651985E2AA7DCF200866F0B /* Debug */,
				5651985F2AA7DCF200866F0B /* Release */,
			);
			defaultConfigurationIsVisible = 0;
			defaultConfigurationName = Release;
		};
		565198602AA7DCF200866F0B /* Build configuration list for PBXNativeTarget "FriendBNB" */ = {
			isa = XCConfigurationList;
			buildConfigurations = (
				565198612AA7DCF200866F0B /* Debug */,
				565198622AA7DCF200866F0B /* Release */,
			);
			defaultConfigurationIsVisible = 0;
			defaultConfigurationName = Release;
		};
		565198632AA7DCF200866F0B /* Build configuration list for PBXNativeTarget "FriendBNBTests" */ = {
			isa = XCConfigurationList;
			buildConfigurations = (
				565198642AA7DCF200866F0B /* Debug */,
				565198652AA7DCF200866F0B /* Release */,
			);
			defaultConfigurationIsVisible = 0;
			defaultConfigurationName = Release;
		};
		565198662AA7DCF200866F0B /* Build configuration list for PBXNativeTarget "FriendBNBUITests" */ = {
			isa = XCConfigurationList;
			buildConfigurations = (
				565198672AA7DCF200866F0B /* Debug */,
				565198682AA7DCF200866F0B /* Release */,
			);
			defaultConfigurationIsVisible = 0;
			defaultConfigurationName = Release;
		};
/* End XCConfigurationList section */

/* Begin XCRemoteSwiftPackageReference section */
		56D7B0F32AFEF5A9002B65DD /* XCRemoteSwiftPackageReference "FloatingPromptTextField" */ = {
			isa = XCRemoteSwiftPackageReference;
			repositoryURL = "https://github.com/EmilioPelaez/FloatingPromptTextField";
			requirement = {
				kind = upToNextMajorVersion;
				minimumVersion = 0.4.0;
			};
		};
/* End XCRemoteSwiftPackageReference section */

/* Begin XCSwiftPackageProductDependency section */
		56D7B0F42AFEF5A9002B65DD /* FloatingPromptTextField */ = {
			isa = XCSwiftPackageProductDependency;
			package = 56D7B0F32AFEF5A9002B65DD /* XCRemoteSwiftPackageReference "FloatingPromptTextField" */;
			productName = FloatingPromptTextField;
		};
/* End XCSwiftPackageProductDependency section */
	};
	rootObject = 565198342AA7DCF200866F0B /* Project object */;
}
